// !$*UTF8*$!
{
	archiveVersion = 1;
	classes = {
	};
	objectVersion = 55;
	objects = {

/* Begin PBXBuildFile section */
		22AE2EF4272968950058A82D /* helloworld.c in Sources */ = {isa = PBXBuildFile; fileRef = 22AE2EF3272968950058A82D /* helloworld.c */; };
		22AE2F02272968FD0058A82D /* tiktactoe.c in Sources */ = {isa = PBXBuildFile; fileRef = 22AE2F01272968FD0058A82D /* tiktactoe.c */; };
		22AE2F0D2729AEEA0058A82D /* 统计个数.c in Sources */ = {isa = PBXBuildFile; fileRef = 22AE2F0C2729AEEA0058A82D /* 统计个数.c */; };
		22AE2F182729B6080058A82D /* main.c in Sources */ = {isa = PBXBuildFile; fileRef = 22AE2F172729B6080058A82D /* main.c */; };
		22AE2F242729BD940058A82D /* main.c in Sources */ = {isa = PBXBuildFile; fileRef = 22AE2F232729BD940058A82D /* main.c */; };
/* End PBXBuildFile section */

/* Begin PBXCopyFilesBuildPhase section */
		22AE2EEE272968950058A82D /* CopyFiles */ = {
			isa = PBXCopyFilesBuildPhase;
			buildActionMask = 2147483647;
			dstPath = /usr/share/man/man1/;
			dstSubfolderSpec = 0;
			files = (
			);
			runOnlyForDeploymentPostprocessing = 1;
		};
		22AE2EFD272968FD0058A82D /* CopyFiles */ = {
			isa = PBXCopyFilesBuildPhase;
			buildActionMask = 2147483647;
			dstPath = /usr/share/man/man1/;
			dstSubfolderSpec = 0;
			files = (
			);
			runOnlyForDeploymentPostprocessing = 1;
		};
		22AE2F082729AEEA0058A82D /* CopyFiles */ = {
			isa = PBXCopyFilesBuildPhase;
			buildActionMask = 2147483647;
			dstPath = /usr/share/man/man1/;
			dstSubfolderSpec = 0;
			files = (
			);
			runOnlyForDeploymentPostprocessing = 1;
		};
		22AE2F132729B6080058A82D /* CopyFiles */ = {
			isa = PBXCopyFilesBuildPhase;
			buildActionMask = 2147483647;
			dstPath = /usr/share/man/man1/;
			dstSubfolderSpec = 0;
			files = (
			);
			runOnlyForDeploymentPostprocessing = 1;
		};
		22AE2F1F2729BD940058A82D /* CopyFiles */ = {
			isa = PBXCopyFilesBuildPhase;
			buildActionMask = 2147483647;
			dstPath = /usr/share/man/man1/;
			dstSubfolderSpec = 0;
			files = (
			);
			runOnlyForDeploymentPostprocessing = 1;
		};
/* End PBXCopyFilesBuildPhase section */

/* Begin PBXFileReference section */
		22AE2EF0272968950058A82D /* c_learning */ = {isa = PBXFileReference; explicitFileType = "compiled.mach-o.executable"; includeInIndex = 0; path = c_learning; sourceTree = BUILT_PRODUCTS_DIR; };
		22AE2EF3272968950058A82D /* helloworld.c */ = {isa = PBXFileReference; lastKnownFileType = sourcecode.c.c; path = helloworld.c; sourceTree = "<group>"; };
		22AE2EFF272968FD0058A82D /* tiktactoe */ = {isa = PBXFileReference; explicitFileType = "compiled.mach-o.executable"; includeInIndex = 0; path = tiktactoe; sourceTree = BUILT_PRODUCTS_DIR; };
		22AE2F01272968FD0058A82D /* tiktactoe.c */ = {isa = PBXFileReference; lastKnownFileType = sourcecode.c.c; path = tiktactoe.c; sourceTree = "<group>"; };
		22AE2F0A2729AEEA0058A82D /* 统计个数 */ = {isa = PBXFileReference; explicitFileType = "compiled.mach-o.executable"; includeInIndex = 0; path = "统计个数"; sourceTree = BUILT_PRODUCTS_DIR; };
		22AE2F0C2729AEEA0058A82D /* 统计个数.c */ = {isa = PBXFileReference; lastKnownFileType = sourcecode.c.c; path = "统计个数.c"; sourceTree = "<group>"; };
		22AE2F152729B6080058A82D /* sin泰勒展开 */ = {isa = PBXFileReference; explicitFileType = "compiled.mach-o.executable"; includeInIndex = 0; path = "sin泰勒展开"; sourceTree = BUILT_PRODUCTS_DIR; };
		22AE2F172729B6080058A82D /* main.c */ = {isa = PBXFileReference; lastKnownFileType = sourcecode.c.c; path = main.c; sourceTree = "<group>"; };
		22AE2F212729BD940058A82D /* my first goto programm */ = {isa = PBXFileReference; explicitFileType = "compiled.mach-o.executable"; includeInIndex = 0; path = "my first goto programm"; sourceTree = BUILT_PRODUCTS_DIR; };
		22AE2F232729BD940058A82D /* main.c */ = {isa = PBXFileReference; lastKnownFileType = sourcecode.c.c; path = main.c; sourceTree = "<group>"; };
/* End PBXFileReference section */

/* Begin PBXFrameworksBuildPhase section */
		22AE2EED272968950058A82D /* Frameworks */ = {
			isa = PBXFrameworksBuildPhase;
			buildActionMask = 2147483647;
			files = (
			);
			runOnlyForDeploymentPostprocessing = 0;
		};
		22AE2EFC272968FD0058A82D /* Frameworks */ = {
			isa = PBXFrameworksBuildPhase;
			buildActionMask = 2147483647;
			files = (
			);
			runOnlyForDeploymentPostprocessing = 0;
		};
		22AE2F072729AEEA0058A82D /* Frameworks */ = {
			isa = PBXFrameworksBuildPhase;
			buildActionMask = 2147483647;
			files = (
			);
			runOnlyForDeploymentPostprocessing = 0;
		};
		22AE2F122729B6080058A82D /* Frameworks */ = {
			isa = PBXFrameworksBuildPhase;
			buildActionMask = 2147483647;
			files = (
			);
			runOnlyForDeploymentPostprocessing = 0;
		};
		22AE2F1E2729BD940058A82D /* Frameworks */ = {
			isa = PBXFrameworksBuildPhase;
			buildActionMask = 2147483647;
			files = (
			);
			runOnlyForDeploymentPostprocessing = 0;
		};
/* End PBXFrameworksBuildPhase section */

/* Begin PBXGroup section */
		22AE2EE7272968950058A82D = {
			isa = PBXGroup;
			children = (
				22AE2F1C2729BD730058A82D /* goto风暴 */,
				22AE2EF2272968950058A82D /* c_learning */,
				22AE2F162729B6080058A82D /* sin泰勒展开 */,
				22AE2EF1272968950058A82D /* Products */,
			);
			sourceTree = "<group>";
		};
		22AE2EF1272968950058A82D /* Products */ = {
			isa = PBXGroup;
			children = (
				22AE2EF0272968950058A82D /* c_learning */,
				22AE2EFF272968FD0058A82D /* tiktactoe */,
				22AE2F0A2729AEEA0058A82D /* 统计个数 */,
				22AE2F152729B6080058A82D /* sin泰勒展开 */,
				22AE2F212729BD940058A82D /* my first goto programm */,
			);
			name = Products;
			sourceTree = "<group>";
		};
		22AE2EF2272968950058A82D /* c_learning */ = {
			isa = PBXGroup;
			children = (
				22AE2EF3272968950058A82D /* helloworld.c */,
				22AE2EFA272968B90058A82D /* array_learning */,
			);
			path = c_learning;
			sourceTree = "<group>";
		};
		22AE2EFA272968B90058A82D /* array_learning */ = {
			isa = PBXGroup;
			children = (
				22AE2F0B2729AEEA0058A82D /* 统计个数 */,
				22AE2F00272968FD0058A82D /* tiktactoe */,
			);
			path = array_learning;
			sourceTree = "<group>";
		};
		22AE2F00272968FD0058A82D /* tiktactoe */ = {
			isa = PBXGroup;
			children = (
				22AE2F01272968FD0058A82D /* tiktactoe.c */,
			);
			path = tiktactoe;
			sourceTree = "<group>";
		};
		22AE2F0B2729AEEA0058A82D /* 统计个数 */ = {
			isa = PBXGroup;
			children = (
				22AE2F0C2729AEEA0058A82D /* 统计个数.c */,
			);
			path = "统计个数";
			sourceTree = "<group>";
		};
		22AE2F162729B6080058A82D /* sin泰勒展开 */ = {
			isa = PBXGroup;
			children = (
				22AE2F172729B6080058A82D /* main.c */,
			);
			path = "sin泰勒展开";
			sourceTree = "<group>";
		};
		22AE2F1C2729BD730058A82D /* goto风暴 */ = {
			isa = PBXGroup;
			children = (
				22AE2F222729BD940058A82D /* my first goto programm */,
			);
			path = "goto风暴";
			sourceTree = "<group>";
		};
		22AE2F222729BD940058A82D /* my first goto programm */ = {
			isa = PBXGroup;
			children = (
				22AE2F232729BD940058A82D /* main.c */,
			);
			path = "my first goto programm";
			sourceTree = "<group>";
		};
/* End PBXGroup section */

/* Begin PBXNativeTarget section */
		22AE2EEF272968950058A82D /* c_learning */ = {
			isa = PBXNativeTarget;
			buildConfigurationList = 22AE2EF7272968950058A82D /* Build configuration list for PBXNativeTarget "c_learning" */;
			buildPhases = (
				22AE2EEC272968950058A82D /* Sources */,
				22AE2EED272968950058A82D /* Frameworks */,
				22AE2EEE272968950058A82D /* CopyFiles */,
			);
			buildRules = (
			);
			dependencies = (
			);
			name = c_learning;
			productName = c_learning;
			productReference = 22AE2EF0272968950058A82D /* c_learning */;
			productType = "com.apple.product-type.tool";
		};
		22AE2EFE272968FD0058A82D /* tiktactoe */ = {
			isa = PBXNativeTarget;
			buildConfigurationList = 22AE2F03272968FD0058A82D /* Build configuration list for PBXNativeTarget "tiktactoe" */;
			buildPhases = (
				22AE2EFB272968FD0058A82D /* Sources */,
				22AE2EFC272968FD0058A82D /* Frameworks */,
				22AE2EFD272968FD0058A82D /* CopyFiles */,
			);
			buildRules = (
			);
			dependencies = (
			);
			name = tiktactoe;
			productName = tiktactoe;
			productReference = 22AE2EFF272968FD0058A82D /* tiktactoe */;
			productType = "com.apple.product-type.tool";
		};
		22AE2F092729AEEA0058A82D /* 统计个数 */ = {
			isa = PBXNativeTarget;
			buildConfigurationList = 22AE2F0E2729AEEA0058A82D /* Build configuration list for PBXNativeTarget "统计个数" */;
			buildPhases = (
				22AE2F062729AEEA0058A82D /* Sources */,
				22AE2F072729AEEA0058A82D /* Frameworks */,
				22AE2F082729AEEA0058A82D /* CopyFiles */,
			);
			buildRules = (
			);
			dependencies = (
			);
			name = "统计个数";
			productName = "统计个数";
			productReference = 22AE2F0A2729AEEA0058A82D /* 统计个数 */;
			productType = "com.apple.product-type.tool";
		};
		22AE2F142729B6080058A82D /* sin泰勒展开 */ = {
			isa = PBXNativeTarget;
			buildConfigurationList = 22AE2F192729B6080058A82D /* Build configuration list for PBXNativeTarget "sin泰勒展开" */;
			buildPhases = (
				22AE2F112729B6080058A82D /* Sources */,
				22AE2F122729B6080058A82D /* Frameworks */,
				22AE2F132729B6080058A82D /* CopyFiles */,
			);
			buildRules = (
			);
			dependencies = (
			);
			name = "sin泰勒展开";
			productName = "sin泰勒展开";
			productReference = 22AE2F152729B6080058A82D /* sin泰勒展开 */;
			productType = "com.apple.product-type.tool";
		};
		22AE2F202729BD940058A82D /* my first goto programm */ = {
			isa = PBXNativeTarget;
			buildConfigurationList = 22AE2F252729BD940058A82D /* Build configuration list for PBXNativeTarget "my first goto programm" */;
			buildPhases = (
				22AE2F1D2729BD940058A82D /* Sources */,
				22AE2F1E2729BD940058A82D /* Frameworks */,
				22AE2F1F2729BD940058A82D /* CopyFiles */,
			);
			buildRules = (
			);
			dependencies = (
			);
			name = "my first goto programm";
			productName = "my first goto programm";
			productReference = 22AE2F212729BD940058A82D /* my first goto programm */;
			productType = "com.apple.product-type.tool";
		};
/* End PBXNativeTarget section */

/* Begin PBXProject section */
		22AE2EE8272968950058A82D /* Project object */ = {
			isa = PBXProject;
			attributes = {
				BuildIndependentTargetsInParallel = 1;
				LastUpgradeCheck = 1300;
				TargetAttributes = {
					22AE2EEF272968950058A82D = {
						CreatedOnToolsVersion = 13.0;
					};
					22AE2EFE272968FD0058A82D = {
						CreatedOnToolsVersion = 13.0;
					};
					22AE2F092729AEEA0058A82D = {
						CreatedOnToolsVersion = 13.0;
					};
					22AE2F142729B6080058A82D = {
						CreatedOnToolsVersion = 13.0;
					};
					22AE2F202729BD940058A82D = {
						CreatedOnToolsVersion = 13.0;
					};
				};
			};
			buildConfigurationList = 22AE2EEB272968950058A82D /* Build configuration list for PBXProject "c_learning" */;
			compatibilityVersion = "Xcode 13.0";
			developmentRegion = en;
			hasScannedForEncodings = 0;
			knownRegions = (
				en,
				Base,
			);
			mainGroup = 22AE2EE7272968950058A82D;
			productRefGroup = 22AE2EF1272968950058A82D /* Products */;
			projectDirPath = "";
			projectRoot = "";
			targets = (
				22AE2EEF272968950058A82D /* c_learning */,
				22AE2EFE272968FD0058A82D /* tiktactoe */,
				22AE2F092729AEEA0058A82D /* 统计个数 */,
				22AE2F142729B6080058A82D /* sin泰勒展开 */,
				22AE2F202729BD940058A82D /* my first goto programm */,
			);
		};
/* End PBXProject section */

/* Begin PBXSourcesBuildPhase section */
		22AE2EEC272968950058A82D /* Sources */ = {
			isa = PBXSourcesBuildPhase;
			buildActionMask = 2147483647;
			files = (
				22AE2EF4272968950058A82D /* helloworld.c in Sources */,
			);
			runOnlyForDeploymentPostprocessing = 0;
		};
		22AE2EFB272968FD0058A82D /* Sources */ = {
			isa = PBXSourcesBuildPhase;
			buildActionMask = 2147483647;
			files = (
				22AE2F02272968FD0058A82D /* tiktactoe.c in Sources */,
			);
			runOnlyForDeploymentPostprocessing = 0;
		};
		22AE2F062729AEEA0058A82D /* Sources */ = {
			isa = PBXSourcesBuildPhase;
			buildActionMask = 2147483647;
			files = (
				22AE2F0D2729AEEA0058A82D /* 统计个数.c in Sources */,
			);
			runOnlyForDeploymentPostprocessing = 0;
		};
		22AE2F112729B6080058A82D /* Sources */ = {
			isa = PBXSourcesBuildPhase;
			buildActionMask = 2147483647;
			files = (
				22AE2F182729B6080058A82D /* main.c in Sources */,
			);
			runOnlyForDeploymentPostprocessing = 0;
		};
		22AE2F1D2729BD940058A82D /* Sources */ = {
			isa = PBXSourcesBuildPhase;
			buildActionMask = 2147483647;
			files = (
				22AE2F242729BD940058A82D /* main.c in Sources */,
			);
			runOnlyForDeploymentPostprocessing = 0;
		};
/* End PBXSourcesBuildPhase section */

/* Begin XCBuildConfiguration section */
		22AE2EF5272968950058A82D /* Debug */ = {
			isa = XCBuildConfiguration;
			buildSettings = {
				ALWAYS_SEARCH_USER_PATHS = NO;
				CLANG_ANALYZER_NONNULL = YES;
				CLANG_ANALYZER_NUMBER_OBJECT_CONVERSION = YES_AGGRESSIVE;
				CLANG_CXX_LANGUAGE_STANDARD = "gnu++17";
				CLANG_CXX_LIBRARY = "libc++";
				CLANG_ENABLE_MODULES = YES;
				CLANG_ENABLE_OBJC_ARC = YES;
				CLANG_ENABLE_OBJC_WEAK = YES;
				CLANG_WARN_BLOCK_CAPTURE_AUTORELEASING = YES;
				CLANG_WARN_BOOL_CONVERSION = YES;
				CLANG_WARN_COMMA = YES;
				CLANG_WARN_CONSTANT_CONVERSION = YES;
				CLANG_WARN_DEPRECATED_OBJC_IMPLEMENTATIONS = YES;
				CLANG_WARN_DIRECT_OBJC_ISA_USAGE = YES_ERROR;
				CLANG_WARN_DOCUMENTATION_COMMENTS = YES;
				CLANG_WARN_EMPTY_BODY = YES;
				CLANG_WARN_ENUM_CONVERSION = YES;
				CLANG_WARN_INFINITE_RECURSION = YES;
				CLANG_WARN_INT_CONVERSION = YES;
				CLANG_WARN_NON_LITERAL_NULL_CONVERSION = YES;
				CLANG_WARN_OBJC_IMPLICIT_RETAIN_SELF = YES;
				CLANG_WARN_OBJC_LITERAL_CONVERSION = YES;
				CLANG_WARN_OBJC_ROOT_CLASS = YES_ERROR;
				CLANG_WARN_QUOTED_INCLUDE_IN_FRAMEWORK_HEADER = YES;
				CLANG_WARN_RANGE_LOOP_ANALYSIS = YES;
				CLANG_WARN_STRICT_PROTOTYPES = YES;
				CLANG_WARN_SUSPICIOUS_MOVE = YES;
				CLANG_WARN_UNGUARDED_AVAILABILITY = YES_AGGRESSIVE;
				CLANG_WARN_UNREACHABLE_CODE = YES;
				CLANG_WARN__DUPLICATE_METHOD_MATCH = YES;
				COPY_PHASE_STRIP = NO;
				DEBUG_INFORMATION_FORMAT = dwarf;
				ENABLE_STRICT_OBJC_MSGSEND = YES;
				ENABLE_TESTABILITY = YES;
				GCC_C_LANGUAGE_STANDARD = gnu11;
				GCC_DYNAMIC_NO_PIC = NO;
				GCC_NO_COMMON_BLOCKS = YES;
				GCC_OPTIMIZATION_LEVEL = 0;
				GCC_PREPROCESSOR_DEFINITIONS = (
					"DEBUG=1",
					"$(inherited)",
				);
				GCC_WARN_64_TO_32_BIT_CONVERSION = YES;
				GCC_WARN_ABOUT_RETURN_TYPE = YES_ERROR;
				GCC_WARN_UNDECLARED_SELECTOR = YES;
				GCC_WARN_UNINITIALIZED_AUTOS = YES_AGGRESSIVE;
				GCC_WARN_UNUSED_FUNCTION = YES;
				GCC_WARN_UNUSED_VARIABLE = YES;
				MACOSX_DEPLOYMENT_TARGET = 11.3;
				MTL_ENABLE_DEBUG_INFO = INCLUDE_SOURCE;
				MTL_FAST_MATH = YES;
				ONLY_ACTIVE_ARCH = YES;
				SDKROOT = macosx;
			};
			name = Debug;
		};
		22AE2EF6272968950058A82D /* Release */ = {
			isa = XCBuildConfiguration;
			buildSettings = {
				ALWAYS_SEARCH_USER_PATHS = NO;
				CLANG_ANALYZER_NONNULL = YES;
				CLANG_ANALYZER_NUMBER_OBJECT_CONVERSION = YES_AGGRESSIVE;
				CLANG_CXX_LANGUAGE_STANDARD = "gnu++17";
				CLANG_CXX_LIBRARY = "libc++";
				CLANG_ENABLE_MODULES = YES;
				CLANG_ENABLE_OBJC_ARC = YES;
				CLANG_ENABLE_OBJC_WEAK = YES;
				CLANG_WARN_BLOCK_CAPTURE_AUTORELEASING = YES;
				CLANG_WARN_BOOL_CONVERSION = YES;
				CLANG_WARN_COMMA = YES;
				CLANG_WARN_CONSTANT_CONVERSION = YES;
				CLANG_WARN_DEPRECATED_OBJC_IMPLEMENTATIONS = YES;
				CLANG_WARN_DIRECT_OBJC_ISA_USAGE = YES_ERROR;
				CLANG_WARN_DOCUMENTATION_COMMENTS = YES;
				CLANG_WARN_EMPTY_BODY = YES;
				CLANG_WARN_ENUM_CONVERSION = YES;
				CLANG_WARN_INFINITE_RECURSION = YES;
				CLANG_WARN_INT_CONVERSION = YES;
				CLANG_WARN_NON_LITERAL_NULL_CONVERSION = YES;
				CLANG_WARN_OBJC_IMPLICIT_RETAIN_SELF = YES;
				CLANG_WARN_OBJC_LITERAL_CONVERSION = YES;
				CLANG_WARN_OBJC_ROOT_CLASS = YES_ERROR;
				CLANG_WARN_QUOTED_INCLUDE_IN_FRAMEWORK_HEADER = YES;
				CLANG_WARN_RANGE_LOOP_ANALYSIS = YES;
				CLANG_WARN_STRICT_PROTOTYPES = YES;
				CLANG_WARN_SUSPICIOUS_MOVE = YES;
				CLANG_WARN_UNGUARDED_AVAILABILITY = YES_AGGRESSIVE;
				CLANG_WARN_UNREACHABLE_CODE = YES;
				CLANG_WARN__DUPLICATE_METHOD_MATCH = YES;
				COPY_PHASE_STRIP = NO;
				DEBUG_INFORMATION_FORMAT = "dwarf-with-dsym";
				ENABLE_NS_ASSERTIONS = NO;
				ENABLE_STRICT_OBJC_MSGSEND = YES;
				GCC_C_LANGUAGE_STANDARD = gnu11;
				GCC_NO_COMMON_BLOCKS = YES;
				GCC_WARN_64_TO_32_BIT_CONVERSION = YES;
				GCC_WARN_ABOUT_RETURN_TYPE = YES_ERROR;
				GCC_WARN_UNDECLARED_SELECTOR = YES;
				GCC_WARN_UNINITIALIZED_AUTOS = YES_AGGRESSIVE;
				GCC_WARN_UNUSED_FUNCTION = YES;
				GCC_WARN_UNUSED_VARIABLE = YES;
				MACOSX_DEPLOYMENT_TARGET = 11.3;
				MTL_ENABLE_DEBUG_INFO = NO;
				MTL_FAST_MATH = YES;
				SDKROOT = macosx;
			};
			name = Release;
		};
		22AE2EF8272968950058A82D /* Debug */ = {
			isa = XCBuildConfiguration;
			buildSettings = {
				CODE_SIGN_STYLE = Automatic;
				DEVELOPMENT_TEAM = 42F2T24ABG;
				ENABLE_HARDENED_RUNTIME = YES;
				PRODUCT_NAME = "$(TARGET_NAME)";
			};
			name = Debug;
		};
		22AE2EF9272968950058A82D /* Release */ = {
			isa = XCBuildConfiguration;
			buildSettings = {
				CODE_SIGN_STYLE = Automatic;
				DEVELOPMENT_TEAM = 42F2T24ABG;
				ENABLE_HARDENED_RUNTIME = YES;
				PRODUCT_NAME = "$(TARGET_NAME)";
			};
			name = Release;
		};
		22AE2F04272968FD0058A82D /* Debug */ = {
			isa = XCBuildConfiguration;
			buildSettings = {
				CODE_SIGN_STYLE = Automatic;
				DEVELOPMENT_TEAM = 42F2T24ABG;
				ENABLE_HARDENED_RUNTIME = YES;
				PRODUCT_NAME = "$(TARGET_NAME)";
			};
			name = Debug;
		};
		22AE2F05272968FD0058A82D /* Release */ = {
			isa = XCBuildConfiguration;
			buildSettings = {
				CODE_SIGN_STYLE = Automatic;
				DEVELOPMENT_TEAM = 42F2T24ABG;
				ENABLE_HARDENED_RUNTIME = YES;
				PRODUCT_NAME = "$(TARGET_NAME)";
			};
			name = Release;
		};
		22AE2F0F2729AEEA0058A82D /* Debug */ = {
			isa = XCBuildConfiguration;
			buildSettings = {
				CODE_SIGN_STYLE = Automatic;
				DEVELOPMENT_TEAM = 42F2T24ABG;
				ENABLE_HARDENED_RUNTIME = YES;
				PRODUCT_NAME = "$(TARGET_NAME)";
			};
			name = Debug;
		};
		22AE2F102729AEEA0058A82D /* Release */ = {
			isa = XCBuildConfiguration;
			buildSettings = {
				CODE_SIGN_STYLE = Automatic;
				DEVELOPMENT_TEAM = 42F2T24ABG;
				ENABLE_HARDENED_RUNTIME = YES;
				PRODUCT_NAME = "$(TARGET_NAME)";
			};
			name = Release;
		};
		22AE2F1A2729B6080058A82D /* Debug */ = {
			isa = XCBuildConfiguration;
			buildSettings = {
				CODE_SIGN_STYLE = Automatic;
				DEVELOPMENT_TEAM = 42F2T24ABG;
				ENABLE_HARDENED_RUNTIME = YES;
				PRODUCT_NAME = "$(TARGET_NAME)";
			};
			name = Debug;
		};
		22AE2F1B2729B6080058A82D /* Release */ = {
			isa = XCBuildConfiguration;
			buildSettings = {
				CODE_SIGN_STYLE = Automatic;
				DEVELOPMENT_TEAM = 42F2T24ABG;
				ENABLE_HARDENED_RUNTIME = YES;
				PRODUCT_NAME = "$(TARGET_NAME)";
			};
			name = Release;
		};
		22AE2F262729BD940058A82D /* Debug */ = {
			isa = XCBuildConfiguration;
			buildSettings = {
				CODE_SIGN_STYLE = Automatic;
				DEVELOPMENT_TEAM = 42F2T24ABG;
				ENABLE_HARDENED_RUNTIME = YES;
				PRODUCT_NAME = "$(TARGET_NAME)";
			};
			name = Debug;
		};
		22AE2F272729BD940058A82D /* Release */ = {
			isa = XCBuildConfiguration;
			buildSettings = {
				CODE_SIGN_STYLE = Automatic;
				DEVELOPMENT_TEAM = 42F2T24ABG;
				ENABLE_HARDENED_RUNTIME = YES;
				PRODUCT_NAME = "$(TARGET_NAME)";
			};
			name = Release;
		};
/* End XCBuildConfiguration section */

/* Begin XCConfigurationList section */
		22AE2EEB272968950058A82D /* Build configuration list for PBXProject "c_learning" */ = {
			isa = XCConfigurationList;
			buildConfigurations = (
				22AE2EF5272968950058A82D /* Debug */,
				22AE2EF6272968950058A82D /* Release */,
			);
			defaultConfigurationIsVisible = 0;
			defaultConfigurationName = Release;
		};
		22AE2EF7272968950058A82D /* Build configuration list for PBXNativeTarget "c_learning" */ = {
			isa = XCConfigurationList;
			buildConfigurations = (
				22AE2EF8272968950058A82D /* Debug */,
				22AE2EF9272968950058A82D /* Release */,
			);
			defaultConfigurationIsVisible = 0;
			defaultConfigurationName = Release;
		};
		22AE2F03272968FD0058A82D /* Build configuration list for PBXNativeTarget "tiktactoe" */ = {
			isa = XCConfigurationList;
			buildConfigurations = (
				22AE2F04272968FD0058A82D /* Debug */,
				22AE2F05272968FD0058A82D /* Release */,
			);
			defaultConfigurationIsVisible = 0;
			defaultConfigurationName = Release;
		};
		22AE2F0E2729AEEA0058A82D /* Build configuration list for PBXNativeTarget "统计个数" */ = {
			isa = XCConfigurationList;
			buildConfigurations = (
				22AE2F0F2729AEEA0058A82D /* Debug */,
				22AE2F102729AEEA0058A82D /* Release */,
			);
			defaultConfigurationIsVisible = 0;
			defaultConfigurationName = Release;
		};
		22AE2F192729B6080058A82D /* Build configuration list for PBXNativeTarget "sin泰勒展开" */ = {
			isa = XCConfigurationList;
			buildConfigurations = (
				22AE2F1A2729B6080058A82D /* Debug */,
				22AE2F1B2729B6080058A82D /* Release */,
			);
			defaultConfigurationIsVisible = 0;
			defaultConfigurationName = Release;
		};
		22AE2F252729BD940058A82D /* Build configuration list for PBXNativeTarget "my first goto programm" */ = {
			isa = XCConfigurationList;
			buildConfigurations = (
				22AE2F262729BD940058A82D /* Debug */,
				22AE2F272729BD940058A82D /* Release */,
			);
			defaultConfigurationIsVisible = 0;
			defaultConfigurationName = Release;
		};
/* End XCConfigurationList section */
	};
	rootObject = 22AE2EE8272968950058A82D /* Project object */;
}
