// !$*UTF8*$!
{
	archiveVersion = 1;
	classes = {
	};
	objectVersion = 55;
	objects = {

/* Begin PBXBuildFile section */
		221A2455272D14E100962808 /* main.c in Sources */ = {isa = PBXBuildFile; fileRef = 221A2454272D14E100962808 /* main.c */; };
		2247DD682730CBDD00B0C9CA /* main.c in Sources */ = {isa = PBXBuildFile; fileRef = 2247DD672730CBDD00B0C9CA /* main.c */; };
		22AE2EF4272968950058A82D /* helloworld.c in Sources */ = {isa = PBXBuildFile; fileRef = 22AE2EF3272968950058A82D /* helloworld.c */; };
		22AE2F02272968FD0058A82D /* tiktactoe.c in Sources */ = {isa = PBXBuildFile; fileRef = 22AE2F01272968FD0058A82D /* tiktactoe.c */; };
		22AE2F0D2729AEEA0058A82D /* 统计个数.c in Sources */ = {isa = PBXBuildFile; fileRef = 22AE2F0C2729AEEA0058A82D /* 统计个数.c */; };
		22AE2F182729B6080058A82D /* main.c in Sources */ = {isa = PBXBuildFile; fileRef = 22AE2F172729B6080058A82D /* main.c */; };
		22AE2F242729BD940058A82D /* main.c in Sources */ = {isa = PBXBuildFile; fileRef = 22AE2F232729BD940058A82D /* main.c */; };
		22AE2F2F2729BF560058A82D /* main.c in Sources */ = {isa = PBXBuildFile; fileRef = 22AE2F2E2729BF560058A82D /* main.c */; };
		22AE2F3B272A1BB50058A82D /* main.c in Sources */ = {isa = PBXBuildFile; fileRef = 22AE2F3A272A1BB50058A82D /* main.c */; };
		22AE2F46272A1F350058A82D /* main.c in Sources */ = {isa = PBXBuildFile; fileRef = 22AE2F45272A1F350058A82D /* main.c */; };
		22AE2F51272A27A30058A82D /* main.c in Sources */ = {isa = PBXBuildFile; fileRef = 22AE2F50272A27A30058A82D /* main.c */; };
		22AE2F5C272A418B0058A82D /* main.c in Sources */ = {isa = PBXBuildFile; fileRef = 22AE2F5B272A418B0058A82D /* main.c */; };
		22AE2F68272A49BF0058A82D /* main.c in Sources */ = {isa = PBXBuildFile; fileRef = 22AE2F67272A49BF0058A82D /* main.c */; };
		22AE2F73272A53E20058A82D /* main.c in Sources */ = {isa = PBXBuildFile; fileRef = 22AE2F72272A53E20058A82D /* main.c */; };
		22AE2F7E272A57D30058A82D /* main.c in Sources */ = {isa = PBXBuildFile; fileRef = 22AE2F7D272A57D30058A82D /* main.c */; };
		22D14CB02730CF1400CE3799 /* main.c in Sources */ = {isa = PBXBuildFile; fileRef = 22D14CAF2730CF1400CE3799 /* main.c */; };
/* End PBXBuildFile section */

/* Begin PBXCopyFilesBuildPhase section */
		221A2450272D14E100962808 /* CopyFiles */ = {
			isa = PBXCopyFilesBuildPhase;
			buildActionMask = 2147483647;
			dstPath = /usr/share/man/man1/;
			dstSubfolderSpec = 0;
			files = (
			);
			runOnlyForDeploymentPostprocessing = 1;
		};
		2247DD632730CBDD00B0C9CA /* CopyFiles */ = {
			isa = PBXCopyFilesBuildPhase;
			buildActionMask = 2147483647;
			dstPath = /usr/share/man/man1/;
			dstSubfolderSpec = 0;
			files = (
			);
			runOnlyForDeploymentPostprocessing = 1;
		};
		22AE2EEE272968950058A82D /* CopyFiles */ = {
			isa = PBXCopyFilesBuildPhase;
			buildActionMask = 2147483647;
			dstPath = /usr/share/man/man1/;
			dstSubfolderSpec = 0;
			files = (
			);
			runOnlyForDeploymentPostprocessing = 1;
		};
		22AE2EFD272968FD0058A82D /* CopyFiles */ = {
			isa = PBXCopyFilesBuildPhase;
			buildActionMask = 2147483647;
			dstPath = /usr/share/man/man1/;
			dstSubfolderSpec = 0;
			files = (
			);
			runOnlyForDeploymentPostprocessing = 1;
		};
		22AE2F082729AEEA0058A82D /* CopyFiles */ = {
			isa = PBXCopyFilesBuildPhase;
			buildActionMask = 2147483647;
			dstPath = /usr/share/man/man1/;
			dstSubfolderSpec = 0;
			files = (
			);
			runOnlyForDeploymentPostprocessing = 1;
		};
		22AE2F132729B6080058A82D /* CopyFiles */ = {
			isa = PBXCopyFilesBuildPhase;
			buildActionMask = 2147483647;
			dstPath = /usr/share/man/man1/;
			dstSubfolderSpec = 0;
			files = (
			);
			runOnlyForDeploymentPostprocessing = 1;
		};
		22AE2F1F2729BD940058A82D /* CopyFiles */ = {
			isa = PBXCopyFilesBuildPhase;
			buildActionMask = 2147483647;
			dstPath = /usr/share/man/man1/;
			dstSubfolderSpec = 0;
			files = (
			);
			runOnlyForDeploymentPostprocessing = 1;
		};
		22AE2F2A2729BF560058A82D /* CopyFiles */ = {
			isa = PBXCopyFilesBuildPhase;
			buildActionMask = 2147483647;
			dstPath = /usr/share/man/man1/;
			dstSubfolderSpec = 0;
			files = (
			);
			runOnlyForDeploymentPostprocessing = 1;
		};
		22AE2F36272A1BB50058A82D /* CopyFiles */ = {
			isa = PBXCopyFilesBuildPhase;
			buildActionMask = 2147483647;
			dstPath = /usr/share/man/man1/;
			dstSubfolderSpec = 0;
			files = (
			);
			runOnlyForDeploymentPostprocessing = 1;
		};
		22AE2F41272A1F350058A82D /* CopyFiles */ = {
			isa = PBXCopyFilesBuildPhase;
			buildActionMask = 2147483647;
			dstPath = /usr/share/man/man1/;
			dstSubfolderSpec = 0;
			files = (
			);
			runOnlyForDeploymentPostprocessing = 1;
		};
		22AE2F4C272A27A30058A82D /* CopyFiles */ = {
			isa = PBXCopyFilesBuildPhase;
			buildActionMask = 2147483647;
			dstPath = /usr/share/man/man1/;
			dstSubfolderSpec = 0;
			files = (
			);
			runOnlyForDeploymentPostprocessing = 1;
		};
		22AE2F57272A418B0058A82D /* CopyFiles */ = {
			isa = PBXCopyFilesBuildPhase;
			buildActionMask = 2147483647;
			dstPath = /usr/share/man/man1/;
			dstSubfolderSpec = 0;
			files = (
			);
			runOnlyForDeploymentPostprocessing = 1;
		};
		22AE2F63272A49BF0058A82D /* CopyFiles */ = {
			isa = PBXCopyFilesBuildPhase;
			buildActionMask = 2147483647;
			dstPath = /usr/share/man/man1/;
			dstSubfolderSpec = 0;
			files = (
			);
			runOnlyForDeploymentPostprocessing = 1;
		};
		22AE2F6E272A53E20058A82D /* CopyFiles */ = {
			isa = PBXCopyFilesBuildPhase;
			buildActionMask = 2147483647;
			dstPath = /usr/share/man/man1/;
			dstSubfolderSpec = 0;
			files = (
			);
			runOnlyForDeploymentPostprocessing = 1;
		};
		22AE2F79272A57D30058A82D /* CopyFiles */ = {
			isa = PBXCopyFilesBuildPhase;
			buildActionMask = 2147483647;
			dstPath = /usr/share/man/man1/;
			dstSubfolderSpec = 0;
			files = (
			);
			runOnlyForDeploymentPostprocessing = 1;
		};
		22D14CAB2730CF1400CE3799 /* CopyFiles */ = {
			isa = PBXCopyFilesBuildPhase;
			buildActionMask = 2147483647;
			dstPath = /usr/share/man/man1/;
			dstSubfolderSpec = 0;
			files = (
			);
			runOnlyForDeploymentPostprocessing = 1;
		};
/* End PBXCopyFilesBuildPhase section */

/* Begin PBXFileReference section */
		221A2452272D14E100962808 /* 你上机考试做对多少道题心里没点B数吗三重循环版 */ = {isa = PBXFileReference; explicitFileType = "compiled.mach-o.executable"; includeInIndex = 0; path = "你上机考试做对多少道题心里没点B数吗三重循环版"; sourceTree = BUILT_PRODUCTS_DIR; };
		221A2454272D14E100962808 /* main.c */ = {isa = PBXFileReference; lastKnownFileType = sourcecode.c.c; path = main.c; sourceTree = "<group>"; };
		2247DD652730CBDD00B0C9CA /* 斐波那契数列 */ = {isa = PBXFileReference; explicitFileType = "compiled.mach-o.executable"; includeInIndex = 0; path = "斐波那契数列"; sourceTree = BUILT_PRODUCTS_DIR; };
		2247DD672730CBDD00B0C9CA /* main.c */ = {isa = PBXFileReference; lastKnownFileType = sourcecode.c.c; path = main.c; sourceTree = "<group>"; };
		22AE2EF0272968950058A82D /* c_learning */ = {isa = PBXFileReference; explicitFileType = "compiled.mach-o.executable"; includeInIndex = 0; path = c_learning; sourceTree = BUILT_PRODUCTS_DIR; };
		22AE2EF3272968950058A82D /* helloworld.c */ = {isa = PBXFileReference; lastKnownFileType = sourcecode.c.c; path = helloworld.c; sourceTree = "<group>"; };
		22AE2EFF272968FD0058A82D /* tiktactoe */ = {isa = PBXFileReference; explicitFileType = "compiled.mach-o.executable"; includeInIndex = 0; path = tiktactoe; sourceTree = BUILT_PRODUCTS_DIR; };
		22AE2F01272968FD0058A82D /* tiktactoe.c */ = {isa = PBXFileReference; lastKnownFileType = sourcecode.c.c; path = tiktactoe.c; sourceTree = "<group>"; };
		22AE2F0A2729AEEA0058A82D /* 统计个数 */ = {isa = PBXFileReference; explicitFileType = "compiled.mach-o.executable"; includeInIndex = 0; path = "统计个数"; sourceTree = BUILT_PRODUCTS_DIR; };
		22AE2F0C2729AEEA0058A82D /* 统计个数.c */ = {isa = PBXFileReference; lastKnownFileType = sourcecode.c.c; path = "统计个数.c"; sourceTree = "<group>"; };
		22AE2F152729B6080058A82D /* sin泰勒展开 */ = {isa = PBXFileReference; explicitFileType = "compiled.mach-o.executable"; includeInIndex = 0; path = "sin泰勒展开"; sourceTree = BUILT_PRODUCTS_DIR; };
		22AE2F172729B6080058A82D /* main.c */ = {isa = PBXFileReference; lastKnownFileType = sourcecode.c.c; path = main.c; sourceTree = "<group>"; };
		22AE2F212729BD940058A82D /* my first goto programm */ = {isa = PBXFileReference; explicitFileType = "compiled.mach-o.executable"; includeInIndex = 0; path = "my first goto programm"; sourceTree = BUILT_PRODUCTS_DIR; };
		22AE2F232729BD940058A82D /* main.c */ = {isa = PBXFileReference; lastKnownFileType = sourcecode.c.c; path = main.c; sourceTree = "<group>"; };
		22AE2F2C2729BF560058A82D /* 辗转相除求最大公约数 */ = {isa = PBXFileReference; explicitFileType = "compiled.mach-o.executable"; includeInIndex = 0; path = "辗转相除求最大公约数"; sourceTree = BUILT_PRODUCTS_DIR; };
		22AE2F2E2729BF560058A82D /* main.c */ = {isa = PBXFileReference; lastKnownFileType = sourcecode.c.c; path = main.c; sourceTree = "<group>"; };
		22AE2F38272A1BB50058A82D /* 求数字位数 */ = {isa = PBXFileReference; explicitFileType = "compiled.mach-o.executable"; includeInIndex = 0; path = "求数字位数"; sourceTree = BUILT_PRODUCTS_DIR; };
		22AE2F3A272A1BB50058A82D /* main.c */ = {isa = PBXFileReference; lastKnownFileType = sourcecode.c.c; path = main.c; sourceTree = "<group>"; };
		22AE2F43272A1F350058A82D /* 数字拆分 */ = {isa = PBXFileReference; explicitFileType = "compiled.mach-o.executable"; includeInIndex = 0; path = "数字拆分"; sourceTree = BUILT_PRODUCTS_DIR; };
		22AE2F45272A1F350058A82D /* main.c */ = {isa = PBXFileReference; lastKnownFileType = sourcecode.c.c; path = main.c; sourceTree = "<group>"; };
		22AE2F4E272A27A30058A82D /* 位数对调 */ = {isa = PBXFileReference; explicitFileType = "compiled.mach-o.executable"; includeInIndex = 0; path = "位数对调"; sourceTree = BUILT_PRODUCTS_DIR; };
		22AE2F50272A27A30058A82D /* main.c */ = {isa = PBXFileReference; lastKnownFileType = sourcecode.c.c; path = main.c; sourceTree = "<group>"; };
		22AE2F59272A418B0058A82D /* 符合要求的数字 */ = {isa = PBXFileReference; explicitFileType = "compiled.mach-o.executable"; includeInIndex = 0; path = "符合要求的数字"; sourceTree = BUILT_PRODUCTS_DIR; };
		22AE2F5B272A418B0058A82D /* main.c */ = {isa = PBXFileReference; lastKnownFileType = sourcecode.c.c; path = main.c; sourceTree = "<group>"; };
		22AE2F65272A49BF0058A82D /* 同构数 */ = {isa = PBXFileReference; explicitFileType = "compiled.mach-o.executable"; includeInIndex = 0; path = "同构数"; sourceTree = BUILT_PRODUCTS_DIR; };
		22AE2F67272A49BF0058A82D /* main.c */ = {isa = PBXFileReference; lastKnownFileType = sourcecode.c.c; path = main.c; sourceTree = "<group>"; };
		22AE2F70272A53E20058A82D /* 鸡兔同笼高级版 */ = {isa = PBXFileReference; explicitFileType = "compiled.mach-o.executable"; includeInIndex = 0; path = "鸡兔同笼高级版"; sourceTree = BUILT_PRODUCTS_DIR; };
		22AE2F72272A53E20058A82D /* main.c */ = {isa = PBXFileReference; lastKnownFileType = sourcecode.c.c; path = main.c; sourceTree = "<group>"; };
		22AE2F7B272A57D30058A82D /* 你上机考试做对了多少道题你心里没点b数吗？ */ = {isa = PBXFileReference; explicitFileType = "compiled.mach-o.executable"; includeInIndex = 0; path = "你上机考试做对了多少道题你心里没点b数吗？"; sourceTree = BUILT_PRODUCTS_DIR; };
		22AE2F7D272A57D30058A82D /* main.c */ = {isa = PBXFileReference; lastKnownFileType = sourcecode.c.c; path = main.c; sourceTree = "<group>"; };
		22D14CAD2730CF1400CE3799 /* 求N！ */ = {isa = PBXFileReference; explicitFileType = "compiled.mach-o.executable"; includeInIndex = 0; path = "求N！"; sourceTree = BUILT_PRODUCTS_DIR; };
		22D14CAF2730CF1400CE3799 /* main.c */ = {isa = PBXFileReference; lastKnownFileType = sourcecode.c.c; path = main.c; sourceTree = "<group>"; };
/* End PBXFileReference section */

/* Begin PBXFrameworksBuildPhase section */
		221A244F272D14E100962808 /* Frameworks */ = {
			isa = PBXFrameworksBuildPhase;
			buildActionMask = 2147483647;
			files = (
			);
			runOnlyForDeploymentPostprocessing = 0;
		};
		2247DD622730CBDD00B0C9CA /* Frameworks */ = {
			isa = PBXFrameworksBuildPhase;
			buildActionMask = 2147483647;
			files = (
			);
			runOnlyForDeploymentPostprocessing = 0;
		};
		22AE2EED272968950058A82D /* Frameworks */ = {
			isa = PBXFrameworksBuildPhase;
			buildActionMask = 2147483647;
			files = (
			);
			runOnlyForDeploymentPostprocessing = 0;
		};
		22AE2EFC272968FD0058A82D /* Frameworks */ = {
			isa = PBXFrameworksBuildPhase;
			buildActionMask = 2147483647;
			files = (
			);
			runOnlyForDeploymentPostprocessing = 0;
		};
		22AE2F072729AEEA0058A82D /* Frameworks */ = {
			isa = PBXFrameworksBuildPhase;
			buildActionMask = 2147483647;
			files = (
			);
			runOnlyForDeploymentPostprocessing = 0;
		};
		22AE2F122729B6080058A82D /* Frameworks */ = {
			isa = PBXFrameworksBuildPhase;
			buildActionMask = 2147483647;
			files = (
			);
			runOnlyForDeploymentPostprocessing = 0;
		};
		22AE2F1E2729BD940058A82D /* Frameworks */ = {
			isa = PBXFrameworksBuildPhase;
			buildActionMask = 2147483647;
			files = (
			);
			runOnlyForDeploymentPostprocessing = 0;
		};
		22AE2F292729BF560058A82D /* Frameworks */ = {
			isa = PBXFrameworksBuildPhase;
			buildActionMask = 2147483647;
			files = (
			);
			runOnlyForDeploymentPostprocessing = 0;
		};
		22AE2F35272A1BB50058A82D /* Frameworks */ = {
			isa = PBXFrameworksBuildPhase;
			buildActionMask = 2147483647;
			files = (
			);
			runOnlyForDeploymentPostprocessing = 0;
		};
		22AE2F40272A1F350058A82D /* Frameworks */ = {
			isa = PBXFrameworksBuildPhase;
			buildActionMask = 2147483647;
			files = (
			);
			runOnlyForDeploymentPostprocessing = 0;
		};
		22AE2F4B272A27A30058A82D /* Frameworks */ = {
			isa = PBXFrameworksBuildPhase;
			buildActionMask = 2147483647;
			files = (
			);
			runOnlyForDeploymentPostprocessing = 0;
		};
		22AE2F56272A418B0058A82D /* Frameworks */ = {
			isa = PBXFrameworksBuildPhase;
			buildActionMask = 2147483647;
			files = (
			);
			runOnlyForDeploymentPostprocessing = 0;
		};
		22AE2F62272A49BF0058A82D /* Frameworks */ = {
			isa = PBXFrameworksBuildPhase;
			buildActionMask = 2147483647;
			files = (
			);
			runOnlyForDeploymentPostprocessing = 0;
		};
		22AE2F6D272A53E20058A82D /* Frameworks */ = {
			isa = PBXFrameworksBuildPhase;
			buildActionMask = 2147483647;
			files = (
			);
			runOnlyForDeploymentPostprocessing = 0;
		};
		22AE2F78272A57D30058A82D /* Frameworks */ = {
			isa = PBXFrameworksBuildPhase;
			buildActionMask = 2147483647;
			files = (
			);
			runOnlyForDeploymentPostprocessing = 0;
		};
		22D14CAA2730CF1400CE3799 /* Frameworks */ = {
			isa = PBXFrameworksBuildPhase;
			buildActionMask = 2147483647;
			files = (
			);
			runOnlyForDeploymentPostprocessing = 0;
		};
/* End PBXFrameworksBuildPhase section */

/* Begin PBXGroup section */
		221A2453272D14E100962808 /* 你上机考试做对多少道题心里没点B数吗三重循环版(暴力求解) */ = {
			isa = PBXGroup;
			children = (
				221A2454272D14E100962808 /* main.c */,
			);
			path = "你上机考试做对多少道题心里没点B数吗三重循环版(暴力求解)";
			sourceTree = "<group>";
		};
		2247DD602730CBB800B0C9CA /* 递归算法 */ = {
			isa = PBXGroup;
			children = (
				22D14CAE2730CF1400CE3799 /* 求N！ */,
				2247DD662730CBDD00B0C9CA /* 斐波那契数列 */,
			);
			path = "递归算法";
			sourceTree = "<group>";
		};
		2247DD662730CBDD00B0C9CA /* 斐波那契数列 */ = {
			isa = PBXGroup;
			children = (
				2247DD672730CBDD00B0C9CA /* main.c */,
			);
			path = "斐波那契数列";
			sourceTree = "<group>";
		};
		22AE2EE7272968950058A82D = {
			isa = PBXGroup;
			children = (
				2247DD602730CBB800B0C9CA /* 递归算法 */,
				22AE2F60272A49650058A82D /* 5th计导作业 */,
				22AE2F33272A1B7F0058A82D /* 迭代算法 */,
				22AE2F1C2729BD730058A82D /* goto风暴 */,
				22AE2EF2272968950058A82D /* c_learning */,
				22AE2EF1272968950058A82D /* Products */,
			);
			sourceTree = "<group>";
		};
		22AE2EF1272968950058A82D /* Products */ = {
			isa = PBXGroup;
			children = (
				22AE2EF0272968950058A82D /* c_learning */,
				22AE2EFF272968FD0058A82D /* tiktactoe */,
				22AE2F0A2729AEEA0058A82D /* 统计个数 */,
				22AE2F152729B6080058A82D /* sin泰勒展开 */,
				22AE2F212729BD940058A82D /* my first goto programm */,
				22AE2F2C2729BF560058A82D /* 辗转相除求最大公约数 */,
				22AE2F38272A1BB50058A82D /* 求数字位数 */,
				22AE2F43272A1F350058A82D /* 数字拆分 */,
				22AE2F4E272A27A30058A82D /* 位数对调 */,
				22AE2F59272A418B0058A82D /* 符合要求的数字 */,
				22AE2F65272A49BF0058A82D /* 同构数 */,
				22AE2F70272A53E20058A82D /* 鸡兔同笼高级版 */,
				22AE2F7B272A57D30058A82D /* 你上机考试做对了多少道题你心里没点b数吗？ */,
				221A2452272D14E100962808 /* 你上机考试做对多少道题心里没点B数吗三重循环版 */,
				2247DD652730CBDD00B0C9CA /* 斐波那契数列 */,
				22D14CAD2730CF1400CE3799 /* 求N！ */,
			);
			name = Products;
			sourceTree = "<group>";
		};
		22AE2EF2272968950058A82D /* c_learning */ = {
			isa = PBXGroup;
			children = (
				22AE2EF3272968950058A82D /* helloworld.c */,
				22AE2EFA272968B90058A82D /* array_learning */,
			);
			path = c_learning;
			sourceTree = "<group>";
		};
		22AE2EFA272968B90058A82D /* array_learning */ = {
			isa = PBXGroup;
			children = (
				22AE2F0B2729AEEA0058A82D /* 统计个数 */,
				22AE2F00272968FD0058A82D /* tiktactoe */,
			);
			path = array_learning;
			sourceTree = "<group>";
		};
		22AE2F00272968FD0058A82D /* tiktactoe */ = {
			isa = PBXGroup;
			children = (
				22AE2F01272968FD0058A82D /* tiktactoe.c */,
			);
			path = tiktactoe;
			sourceTree = "<group>";
		};
		22AE2F0B2729AEEA0058A82D /* 统计个数 */ = {
			isa = PBXGroup;
			children = (
				22AE2F0C2729AEEA0058A82D /* 统计个数.c */,
			);
			path = "统计个数";
			sourceTree = "<group>";
		};
		22AE2F162729B6080058A82D /* sin泰勒展开 */ = {
			isa = PBXGroup;
			children = (
				22AE2F172729B6080058A82D /* main.c */,
			);
			path = "sin泰勒展开";
			sourceTree = "<group>";
		};
		22AE2F1C2729BD730058A82D /* goto风暴 */ = {
			isa = PBXGroup;
			children = (
				22AE2F222729BD940058A82D /* my first goto programm */,
			);
			path = "goto风暴";
			sourceTree = "<group>";
		};
		22AE2F222729BD940058A82D /* my first goto programm */ = {
			isa = PBXGroup;
			children = (
				22AE2F232729BD940058A82D /* main.c */,
			);
			path = "my first goto programm";
			sourceTree = "<group>";
		};
		22AE2F2D2729BF560058A82D /* 辗转相除求最大公约数 */ = {
			isa = PBXGroup;
			children = (
				22AE2F2E2729BF560058A82D /* main.c */,
			);
			path = "辗转相除求最大公约数";
			sourceTree = "<group>";
		};
		22AE2F33272A1B7F0058A82D /* 迭代算法 */ = {
			isa = PBXGroup;
			children = (
				22AE2F2D2729BF560058A82D /* 辗转相除求最大公约数 */,
				22AE2F162729B6080058A82D /* sin泰勒展开 */,
			);
			path = "迭代算法";
			sourceTree = "<group>";
		};
		22AE2F39272A1BB50058A82D /* 求数字位数 */ = {
			isa = PBXGroup;
			children = (
				22AE2F3A272A1BB50058A82D /* main.c */,
			);
			path = "求数字位数";
			sourceTree = "<group>";
		};
		22AE2F44272A1F350058A82D /* 数字拆分 */ = {
			isa = PBXGroup;
			children = (
				22AE2F45272A1F350058A82D /* main.c */,
			);
			path = "数字拆分";
			sourceTree = "<group>";
		};
		22AE2F4F272A27A30058A82D /* 位数对调 */ = {
			isa = PBXGroup;
			children = (
				22AE2F50272A27A30058A82D /* main.c */,
			);
			path = "位数对调";
			sourceTree = "<group>";
		};
		22AE2F5A272A418B0058A82D /* 符合要求的数字 */ = {
			isa = PBXGroup;
			children = (
				22AE2F5B272A418B0058A82D /* main.c */,
			);
			path = "符合要求的数字";
			sourceTree = "<group>";
		};
		22AE2F60272A49650058A82D /* 5th计导作业 */ = {
			isa = PBXGroup;
			children = (
				22AE2F7C272A57D30058A82D /* 你上机考试做对了多少道题你心里没点b数吗？ */,
				22AE2F71272A53E20058A82D /* 鸡兔同笼高级版 */,
				22AE2F66272A49BF0058A82D /* 同构数 */,
				22AE2F5A272A418B0058A82D /* 符合要求的数字 */,
				22AE2F4F272A27A30058A82D /* 位数对调 */,
				22AE2F44272A1F350058A82D /* 数字拆分 */,
				22AE2F39272A1BB50058A82D /* 求数字位数 */,
			);
			path = "5th计导作业";
			sourceTree = "<group>";
		};
		22AE2F66272A49BF0058A82D /* 同构数 */ = {
			isa = PBXGroup;
			children = (
				22AE2F67272A49BF0058A82D /* main.c */,
			);
			path = "同构数";
			sourceTree = "<group>";
		};
		22AE2F71272A53E20058A82D /* 鸡兔同笼高级版 */ = {
			isa = PBXGroup;
			children = (
				22AE2F72272A53E20058A82D /* main.c */,
			);
			path = "鸡兔同笼高级版";
			sourceTree = "<group>";
		};
		22AE2F7C272A57D30058A82D /* 你上机考试做对了多少道题你心里没点b数吗？ */ = {
			isa = PBXGroup;
			children = (
				221A2453272D14E100962808 /* 你上机考试做对多少道题心里没点B数吗三重循环版(暴力求解) */,
				22AE2F7D272A57D30058A82D /* main.c */,
			);
			path = "你上机考试做对了多少道题你心里没点b数吗？";
			sourceTree = "<group>";
		};
		22D14CAE2730CF1400CE3799 /* 求N！ */ = {
			isa = PBXGroup;
			children = (
				22D14CAF2730CF1400CE3799 /* main.c */,
			);
			path = "求N！";
			sourceTree = "<group>";
		};
/* End PBXGroup section */

/* Begin PBXNativeTarget section */
		221A2451272D14E100962808 /* 你上机考试做对多少道题心里没点B数吗三重循环版 */ = {
			isa = PBXNativeTarget;
			buildConfigurationList = 221A2458272D14E100962808 /* Build configuration list for PBXNativeTarget "你上机考试做对多少道题心里没点B数吗三重循环版" */;
			buildPhases = (
				221A244E272D14E100962808 /* Sources */,
				221A244F272D14E100962808 /* Frameworks */,
				221A2450272D14E100962808 /* CopyFiles */,
			);
			buildRules = (
			);
			dependencies = (
			);
			name = "你上机考试做对多少道题心里没点B数吗三重循环版";
			productName = "你上机考试做对多少道题心里没点B数吗三重循环版";
			productReference = 221A2452272D14E100962808 /* 你上机考试做对多少道题心里没点B数吗三重循环版 */;
			productType = "com.apple.product-type.tool";
		};
		2247DD642730CBDD00B0C9CA /* 斐波那契数列 */ = {
			isa = PBXNativeTarget;
			buildConfigurationList = 2247DD692730CBDD00B0C9CA /* Build configuration list for PBXNativeTarget "斐波那契数列" */;
			buildPhases = (
				2247DD612730CBDD00B0C9CA /* Sources */,
				2247DD622730CBDD00B0C9CA /* Frameworks */,
				2247DD632730CBDD00B0C9CA /* CopyFiles */,
			);
			buildRules = (
			);
			dependencies = (
			);
			name = "斐波那契数列";
			productName = "斐波那契数列";
			productReference = 2247DD652730CBDD00B0C9CA /* 斐波那契数列 */;
			productType = "com.apple.product-type.tool";
		};
		22AE2EEF272968950058A82D /* c_learning */ = {
			isa = PBXNativeTarget;
			buildConfigurationList = 22AE2EF7272968950058A82D /* Build configuration list for PBXNativeTarget "c_learning" */;
			buildPhases = (
				22AE2EEC272968950058A82D /* Sources */,
				22AE2EED272968950058A82D /* Frameworks */,
				22AE2EEE272968950058A82D /* CopyFiles */,
			);
			buildRules = (
			);
			dependencies = (
			);
			name = c_learning;
			productName = c_learning;
			productReference = 22AE2EF0272968950058A82D /* c_learning */;
			productType = "com.apple.product-type.tool";
		};
		22AE2EFE272968FD0058A82D /* tiktactoe */ = {
			isa = PBXNativeTarget;
			buildConfigurationList = 22AE2F03272968FD0058A82D /* Build configuration list for PBXNativeTarget "tiktactoe" */;
			buildPhases = (
				22AE2EFB272968FD0058A82D /* Sources */,
				22AE2EFC272968FD0058A82D /* Frameworks */,
				22AE2EFD272968FD0058A82D /* CopyFiles */,
			);
			buildRules = (
			);
			dependencies = (
			);
			name = tiktactoe;
			productName = tiktactoe;
			productReference = 22AE2EFF272968FD0058A82D /* tiktactoe */;
			productType = "com.apple.product-type.tool";
		};
		22AE2F092729AEEA0058A82D /* 统计个数 */ = {
			isa = PBXNativeTarget;
			buildConfigurationList = 22AE2F0E2729AEEA0058A82D /* Build configuration list for PBXNativeTarget "统计个数" */;
			buildPhases = (
				22AE2F062729AEEA0058A82D /* Sources */,
				22AE2F072729AEEA0058A82D /* Frameworks */,
				22AE2F082729AEEA0058A82D /* CopyFiles */,
			);
			buildRules = (
			);
			dependencies = (
			);
			name = "统计个数";
			productName = "统计个数";
			productReference = 22AE2F0A2729AEEA0058A82D /* 统计个数 */;
			productType = "com.apple.product-type.tool";
		};
		22AE2F142729B6080058A82D /* sin泰勒展开 */ = {
			isa = PBXNativeTarget;
			buildConfigurationList = 22AE2F192729B6080058A82D /* Build configuration list for PBXNativeTarget "sin泰勒展开" */;
			buildPhases = (
				22AE2F112729B6080058A82D /* Sources */,
				22AE2F122729B6080058A82D /* Frameworks */,
				22AE2F132729B6080058A82D /* CopyFiles */,
			);
			buildRules = (
			);
			dependencies = (
			);
			name = "sin泰勒展开";
			productName = "sin泰勒展开";
			productReference = 22AE2F152729B6080058A82D /* sin泰勒展开 */;
			productType = "com.apple.product-type.tool";
		};
		22AE2F202729BD940058A82D /* my first goto programm */ = {
			isa = PBXNativeTarget;
			buildConfigurationList = 22AE2F252729BD940058A82D /* Build configuration list for PBXNativeTarget "my first goto programm" */;
			buildPhases = (
				22AE2F1D2729BD940058A82D /* Sources */,
				22AE2F1E2729BD940058A82D /* Frameworks */,
				22AE2F1F2729BD940058A82D /* CopyFiles */,
			);
			buildRules = (
			);
			dependencies = (
			);
			name = "my first goto programm";
			productName = "my first goto programm";
			productReference = 22AE2F212729BD940058A82D /* my first goto programm */;
			productType = "com.apple.product-type.tool";
		};
		22AE2F2B2729BF560058A82D /* 辗转相除求最大公约数 */ = {
			isa = PBXNativeTarget;
			buildConfigurationList = 22AE2F302729BF560058A82D /* Build configuration list for PBXNativeTarget "辗转相除求最大公约数" */;
			buildPhases = (
				22AE2F282729BF560058A82D /* Sources */,
				22AE2F292729BF560058A82D /* Frameworks */,
				22AE2F2A2729BF560058A82D /* CopyFiles */,
			);
			buildRules = (
			);
			dependencies = (
			);
			name = "辗转相除求最大公约数";
			productName = "辗转相除求最大公约数";
			productReference = 22AE2F2C2729BF560058A82D /* 辗转相除求最大公约数 */;
			productType = "com.apple.product-type.tool";
		};
		22AE2F37272A1BB50058A82D /* 求数字位数 */ = {
			isa = PBXNativeTarget;
			buildConfigurationList = 22AE2F3C272A1BB50058A82D /* Build configuration list for PBXNativeTarget "求数字位数" */;
			buildPhases = (
				22AE2F34272A1BB50058A82D /* Sources */,
				22AE2F35272A1BB50058A82D /* Frameworks */,
				22AE2F36272A1BB50058A82D /* CopyFiles */,
			);
			buildRules = (
			);
			dependencies = (
			);
			name = "求数字位数";
			productName = "求数字位数";
			productReference = 22AE2F38272A1BB50058A82D /* 求数字位数 */;
			productType = "com.apple.product-type.tool";
		};
		22AE2F42272A1F350058A82D /* 数字拆分 */ = {
			isa = PBXNativeTarget;
			buildConfigurationList = 22AE2F47272A1F350058A82D /* Build configuration list for PBXNativeTarget "数字拆分" */;
			buildPhases = (
				22AE2F3F272A1F350058A82D /* Sources */,
				22AE2F40272A1F350058A82D /* Frameworks */,
				22AE2F41272A1F350058A82D /* CopyFiles */,
			);
			buildRules = (
			);
			dependencies = (
			);
			name = "数字拆分";
			productName = "数字拆分";
			productReference = 22AE2F43272A1F350058A82D /* 数字拆分 */;
			productType = "com.apple.product-type.tool";
		};
		22AE2F4D272A27A30058A82D /* 位数对调 */ = {
			isa = PBXNativeTarget;
			buildConfigurationList = 22AE2F52272A27A30058A82D /* Build configuration list for PBXNativeTarget "位数对调" */;
			buildPhases = (
				22AE2F4A272A27A30058A82D /* Sources */,
				22AE2F4B272A27A30058A82D /* Frameworks */,
				22AE2F4C272A27A30058A82D /* CopyFiles */,
			);
			buildRules = (
			);
			dependencies = (
			);
			name = "位数对调";
			productName = "位数对调";
			productReference = 22AE2F4E272A27A30058A82D /* 位数对调 */;
			productType = "com.apple.product-type.tool";
		};
		22AE2F58272A418B0058A82D /* 符合要求的数字 */ = {
			isa = PBXNativeTarget;
			buildConfigurationList = 22AE2F5D272A418B0058A82D /* Build configuration list for PBXNativeTarget "符合要求的数字" */;
			buildPhases = (
				22AE2F55272A418B0058A82D /* Sources */,
				22AE2F56272A418B0058A82D /* Frameworks */,
				22AE2F57272A418B0058A82D /* CopyFiles */,
			);
			buildRules = (
			);
			dependencies = (
			);
			name = "符合要求的数字";
			productName = "符合要求的数字";
			productReference = 22AE2F59272A418B0058A82D /* 符合要求的数字 */;
			productType = "com.apple.product-type.tool";
		};
		22AE2F64272A49BF0058A82D /* 同构数 */ = {
			isa = PBXNativeTarget;
			buildConfigurationList = 22AE2F69272A49BF0058A82D /* Build configuration list for PBXNativeTarget "同构数" */;
			buildPhases = (
				22AE2F61272A49BF0058A82D /* Sources */,
				22AE2F62272A49BF0058A82D /* Frameworks */,
				22AE2F63272A49BF0058A82D /* CopyFiles */,
			);
			buildRules = (
			);
			dependencies = (
			);
			name = "同构数";
			productName = "同构数";
			productReference = 22AE2F65272A49BF0058A82D /* 同构数 */;
			productType = "com.apple.product-type.tool";
		};
		22AE2F6F272A53E20058A82D /* 鸡兔同笼高级版 */ = {
			isa = PBXNativeTarget;
			buildConfigurationList = 22AE2F74272A53E20058A82D /* Build configuration list for PBXNativeTarget "鸡兔同笼高级版" */;
			buildPhases = (
				22AE2F6C272A53E20058A82D /* Sources */,
				22AE2F6D272A53E20058A82D /* Frameworks */,
				22AE2F6E272A53E20058A82D /* CopyFiles */,
			);
			buildRules = (
			);
			dependencies = (
			);
			name = "鸡兔同笼高级版";
			productName = "鸡兔同笼高级版";
			productReference = 22AE2F70272A53E20058A82D /* 鸡兔同笼高级版 */;
			productType = "com.apple.product-type.tool";
		};
		22AE2F7A272A57D30058A82D /* 你上机考试做对了多少道题你心里没点b数吗？ */ = {
			isa = PBXNativeTarget;
			buildConfigurationList = 22AE2F7F272A57D40058A82D /* Build configuration list for PBXNativeTarget "你上机考试做对了多少道题你心里没点b数吗？" */;
			buildPhases = (
				22AE2F77272A57D30058A82D /* Sources */,
				22AE2F78272A57D30058A82D /* Frameworks */,
				22AE2F79272A57D30058A82D /* CopyFiles */,
			);
			buildRules = (
			);
			dependencies = (
			);
			name = "你上机考试做对了多少道题你心里没点b数吗？";
			productName = "你上机考试做对了多少道题你心里没点b数吗？";
			productReference = 22AE2F7B272A57D30058A82D /* 你上机考试做对了多少道题你心里没点b数吗？ */;
			productType = "com.apple.product-type.tool";
		};
		22D14CAC2730CF1400CE3799 /* 求N！ */ = {
			isa = PBXNativeTarget;
			buildConfigurationList = 22D14CB32730CF1400CE3799 /* Build configuration list for PBXNativeTarget "求N！" */;
			buildPhases = (
				22D14CA92730CF1400CE3799 /* Sources */,
				22D14CAA2730CF1400CE3799 /* Frameworks */,
				22D14CAB2730CF1400CE3799 /* CopyFiles */,
			);
			buildRules = (
			);
			dependencies = (
			);
			name = "求N！";
			productName = "求N！";
			productReference = 22D14CAD2730CF1400CE3799 /* 求N！ */;
			productType = "com.apple.product-type.tool";
		};
/* End PBXNativeTarget section */

/* Begin PBXProject section */
		22AE2EE8272968950058A82D /* Project object */ = {
			isa = PBXProject;
			attributes = {
				BuildIndependentTargetsInParallel = 1;
				LastUpgradeCheck = 1310;
				TargetAttributes = {
					221A2451272D14E100962808 = {
						CreatedOnToolsVersion = 13.0;
					};
					2247DD642730CBDD00B0C9CA = {
						CreatedOnToolsVersion = 13.1;
					};
					22AE2EEF272968950058A82D = {
						CreatedOnToolsVersion = 13.0;
					};
					22AE2EFE272968FD0058A82D = {
						CreatedOnToolsVersion = 13.0;
					};
					22AE2F092729AEEA0058A82D = {
						CreatedOnToolsVersion = 13.0;
					};
					22AE2F142729B6080058A82D = {
						CreatedOnToolsVersion = 13.0;
					};
					22AE2F202729BD940058A82D = {
						CreatedOnToolsVersion = 13.0;
					};
					22AE2F2B2729BF560058A82D = {
						CreatedOnToolsVersion = 13.0;
					};
					22AE2F37272A1BB50058A82D = {
						CreatedOnToolsVersion = 13.0;
					};
					22AE2F42272A1F350058A82D = {
						CreatedOnToolsVersion = 13.0;
					};
					22AE2F4D272A27A30058A82D = {
						CreatedOnToolsVersion = 13.0;
					};
					22AE2F58272A418B0058A82D = {
						CreatedOnToolsVersion = 13.0;
					};
					22AE2F64272A49BF0058A82D = {
						CreatedOnToolsVersion = 13.0;
					};
					22AE2F6F272A53E20058A82D = {
						CreatedOnToolsVersion = 13.0;
					};
					22AE2F7A272A57D30058A82D = {
						CreatedOnToolsVersion = 13.0;
					};
					22D14CAC2730CF1400CE3799 = {
						CreatedOnToolsVersion = 13.1;
					};
				};
			};
			buildConfigurationList = 22AE2EEB272968950058A82D /* Build configuration list for PBXProject "c_learning" */;
			compatibilityVersion = "Xcode 13.0";
			developmentRegion = en;
			hasScannedForEncodings = 0;
			knownRegions = (
				en,
				Base,
			);
			mainGroup = 22AE2EE7272968950058A82D;
			productRefGroup = 22AE2EF1272968950058A82D /* Products */;
			projectDirPath = "";
			projectRoot = "";
			targets = (
				22AE2EEF272968950058A82D /* c_learning */,
				22AE2EFE272968FD0058A82D /* tiktactoe */,
				22AE2F092729AEEA0058A82D /* 统计个数 */,
				22AE2F142729B6080058A82D /* sin泰勒展开 */,
				22AE2F202729BD940058A82D /* my first goto programm */,
				22AE2F2B2729BF560058A82D /* 辗转相除求最大公约数 */,
				22AE2F37272A1BB50058A82D /* 求数字位数 */,
				22AE2F42272A1F350058A82D /* 数字拆分 */,
				22AE2F4D272A27A30058A82D /* 位数对调 */,
				22AE2F58272A418B0058A82D /* 符合要求的数字 */,
				22AE2F64272A49BF0058A82D /* 同构数 */,
				22AE2F6F272A53E20058A82D /* 鸡兔同笼高级版 */,
				22AE2F7A272A57D30058A82D /* 你上机考试做对了多少道题你心里没点b数吗？ */,
				221A2451272D14E100962808 /* 你上机考试做对多少道题心里没点B数吗三重循环版 */,
				2247DD642730CBDD00B0C9CA /* 斐波那契数列 */,
				22D14CAC2730CF1400CE3799 /* 求N！ */,
			);
		};
/* End PBXProject section */

/* Begin PBXSourcesBuildPhase section */
		221A244E272D14E100962808 /* Sources */ = {
			isa = PBXSourcesBuildPhase;
			buildActionMask = 2147483647;
			files = (
				221A2455272D14E100962808 /* main.c in Sources */,
			);
			runOnlyForDeploymentPostprocessing = 0;
		};
		2247DD612730CBDD00B0C9CA /* Sources */ = {
			isa = PBXSourcesBuildPhase;
			buildActionMask = 2147483647;
			files = (
				2247DD682730CBDD00B0C9CA /* main.c in Sources */,
			);
			runOnlyForDeploymentPostprocessing = 0;
		};
		22AE2EEC272968950058A82D /* Sources */ = {
			isa = PBXSourcesBuildPhase;
			buildActionMask = 2147483647;
			files = (
				22AE2EF4272968950058A82D /* helloworld.c in Sources */,
			);
			runOnlyForDeploymentPostprocessing = 0;
		};
		22AE2EFB272968FD0058A82D /* Sources */ = {
			isa = PBXSourcesBuildPhase;
			buildActionMask = 2147483647;
			files = (
				22AE2F02272968FD0058A82D /* tiktactoe.c in Sources */,
			);
			runOnlyForDeploymentPostprocessing = 0;
		};
		22AE2F062729AEEA0058A82D /* Sources */ = {
			isa = PBXSourcesBuildPhase;
			buildActionMask = 2147483647;
			files = (
				22AE2F0D2729AEEA0058A82D /* 统计个数.c in Sources */,
			);
			runOnlyForDeploymentPostprocessing = 0;
		};
		22AE2F112729B6080058A82D /* Sources */ = {
			isa = PBXSourcesBuildPhase;
			buildActionMask = 2147483647;
			files = (
				22AE2F182729B6080058A82D /* main.c in Sources */,
			);
			runOnlyForDeploymentPostprocessing = 0;
		};
		22AE2F1D2729BD940058A82D /* Sources */ = {
			isa = PBXSourcesBuildPhase;
			buildActionMask = 2147483647;
			files = (
				22AE2F242729BD940058A82D /* main.c in Sources */,
			);
			runOnlyForDeploymentPostprocessing = 0;
		};
		22AE2F282729BF560058A82D /* Sources */ = {
			isa = PBXSourcesBuildPhase;
			buildActionMask = 2147483647;
			files = (
				22AE2F2F2729BF560058A82D /* main.c in Sources */,
			);
			runOnlyForDeploymentPostprocessing = 0;
		};
		22AE2F34272A1BB50058A82D /* Sources */ = {
			isa = PBXSourcesBuildPhase;
			buildActionMask = 2147483647;
			files = (
				22AE2F3B272A1BB50058A82D /* main.c in Sources */,
			);
			runOnlyForDeploymentPostprocessing = 0;
		};
		22AE2F3F272A1F350058A82D /* Sources */ = {
			isa = PBXSourcesBuildPhase;
			buildActionMask = 2147483647;
			files = (
				22AE2F46272A1F350058A82D /* main.c in Sources */,
			);
			runOnlyForDeploymentPostprocessing = 0;
		};
		22AE2F4A272A27A30058A82D /* Sources */ = {
			isa = PBXSourcesBuildPhase;
			buildActionMask = 2147483647;
			files = (
				22AE2F51272A27A30058A82D /* main.c in Sources */,
			);
			runOnlyForDeploymentPostprocessing = 0;
		};
		22AE2F55272A418B0058A82D /* Sources */ = {
			isa = PBXSourcesBuildPhase;
			buildActionMask = 2147483647;
			files = (
				22AE2F5C272A418B0058A82D /* main.c in Sources */,
			);
			runOnlyForDeploymentPostprocessing = 0;
		};
		22AE2F61272A49BF0058A82D /* Sources */ = {
			isa = PBXSourcesBuildPhase;
			buildActionMask = 2147483647;
			files = (
				22AE2F68272A49BF0058A82D /* main.c in Sources */,
			);
			runOnlyForDeploymentPostprocessing = 0;
		};
		22AE2F6C272A53E20058A82D /* Sources */ = {
			isa = PBXSourcesBuildPhase;
			buildActionMask = 2147483647;
			files = (
				22AE2F73272A53E20058A82D /* main.c in Sources */,
			);
			runOnlyForDeploymentPostprocessing = 0;
		};
		22AE2F77272A57D30058A82D /* Sources */ = {
			isa = PBXSourcesBuildPhase;
			buildActionMask = 2147483647;
			files = (
				22AE2F7E272A57D30058A82D /* main.c in Sources */,
			);
			runOnlyForDeploymentPostprocessing = 0;
		};
		22D14CA92730CF1400CE3799 /* Sources */ = {
			isa = PBXSourcesBuildPhase;
			buildActionMask = 2147483647;
			files = (
				22D14CB02730CF1400CE3799 /* main.c in Sources */,
			);
			runOnlyForDeploymentPostprocessing = 0;
		};
/* End PBXSourcesBuildPhase section */

/* Begin XCBuildConfiguration section */
		221A2456272D14E100962808 /* Debug */ = {
			isa = XCBuildConfiguration;
			buildSettings = {
				CODE_SIGN_IDENTITY = "-";
				CODE_SIGN_STYLE = Automatic;
				DEVELOPMENT_TEAM = 42F2T24ABG;
				ENABLE_HARDENED_RUNTIME = YES;
				PRODUCT_NAME = "$(TARGET_NAME)";
			};
			name = Debug;
		};
		221A2457272D14E100962808 /* Release */ = {
			isa = XCBuildConfiguration;
			buildSettings = {
				CODE_SIGN_IDENTITY = "-";
				CODE_SIGN_STYLE = Automatic;
				DEVELOPMENT_TEAM = 42F2T24ABG;
				ENABLE_HARDENED_RUNTIME = YES;
				PRODUCT_NAME = "$(TARGET_NAME)";
			};
			name = Release;
		};
		2247DD6A2730CBDD00B0C9CA /* Debug */ = {
			isa = XCBuildConfiguration;
			buildSettings = {
				CODE_SIGN_IDENTITY = "-";
				CODE_SIGN_STYLE = Automatic;
				DEVELOPMENT_TEAM = 42F2T24ABG;
				ENABLE_HARDENED_RUNTIME = YES;
				MACOSX_DEPLOYMENT_TARGET = 12.0;
				PRODUCT_NAME = "$(TARGET_NAME)";
			};
			name = Debug;
		};
		2247DD6B2730CBDD00B0C9CA /* Release */ = {
			isa = XCBuildConfiguration;
			buildSettings = {
				CODE_SIGN_IDENTITY = "-";
				CODE_SIGN_STYLE = Automatic;
				DEVELOPMENT_TEAM = 42F2T24ABG;
				ENABLE_HARDENED_RUNTIME = YES;
				MACOSX_DEPLOYMENT_TARGET = 12.0;
				PRODUCT_NAME = "$(TARGET_NAME)";
			};
			name = Release;
		};
		22AE2EF5272968950058A82D /* Debug */ = {
			isa = XCBuildConfiguration;
			buildSettings = {
				ALWAYS_SEARCH_USER_PATHS = NO;
				CLANG_ANALYZER_NONNULL = YES;
				CLANG_ANALYZER_NUMBER_OBJECT_CONVERSION = YES_AGGRESSIVE;
				CLANG_CXX_LANGUAGE_STANDARD = "gnu++17";
				CLANG_CXX_LIBRARY = "libc++";
				CLANG_ENABLE_MODULES = YES;
				CLANG_ENABLE_OBJC_ARC = YES;
				CLANG_ENABLE_OBJC_WEAK = YES;
				CLANG_WARN_BLOCK_CAPTURE_AUTORELEASING = YES;
				CLANG_WARN_BOOL_CONVERSION = YES;
				CLANG_WARN_COMMA = YES;
				CLANG_WARN_CONSTANT_CONVERSION = YES;
				CLANG_WARN_DEPRECATED_OBJC_IMPLEMENTATIONS = YES;
				CLANG_WARN_DIRECT_OBJC_ISA_USAGE = YES_ERROR;
				CLANG_WARN_DOCUMENTATION_COMMENTS = YES;
				CLANG_WARN_EMPTY_BODY = YES;
				CLANG_WARN_ENUM_CONVERSION = YES;
				CLANG_WARN_INFINITE_RECURSION = YES;
				CLANG_WARN_INT_CONVERSION = YES;
				CLANG_WARN_NON_LITERAL_NULL_CONVERSION = YES;
				CLANG_WARN_OBJC_IMPLICIT_RETAIN_SELF = YES;
				CLANG_WARN_OBJC_LITERAL_CONVERSION = YES;
				CLANG_WARN_OBJC_ROOT_CLASS = YES_ERROR;
				CLANG_WARN_QUOTED_INCLUDE_IN_FRAMEWORK_HEADER = YES;
				CLANG_WARN_RANGE_LOOP_ANALYSIS = YES;
				CLANG_WARN_STRICT_PROTOTYPES = YES;
				CLANG_WARN_SUSPICIOUS_MOVE = YES;
				CLANG_WARN_UNGUARDED_AVAILABILITY = YES_AGGRESSIVE;
				CLANG_WARN_UNREACHABLE_CODE = YES;
				CLANG_WARN__DUPLICATE_METHOD_MATCH = YES;
				COPY_PHASE_STRIP = NO;
				DEBUG_INFORMATION_FORMAT = dwarf;
				ENABLE_STRICT_OBJC_MSGSEND = YES;
				ENABLE_TESTABILITY = YES;
				GCC_C_LANGUAGE_STANDARD = gnu11;
				GCC_DYNAMIC_NO_PIC = NO;
				GCC_NO_COMMON_BLOCKS = YES;
				GCC_OPTIMIZATION_LEVEL = 0;
				GCC_PREPROCESSOR_DEFINITIONS = (
					"DEBUG=1",
					"$(inherited)",
				);
				GCC_WARN_64_TO_32_BIT_CONVERSION = YES;
				GCC_WARN_ABOUT_RETURN_TYPE = YES_ERROR;
				GCC_WARN_UNDECLARED_SELECTOR = YES;
				GCC_WARN_UNINITIALIZED_AUTOS = YES_AGGRESSIVE;
				GCC_WARN_UNUSED_FUNCTION = YES;
				GCC_WARN_UNUSED_VARIABLE = YES;
				MACOSX_DEPLOYMENT_TARGET = 11.3;
				MTL_ENABLE_DEBUG_INFO = INCLUDE_SOURCE;
				MTL_FAST_MATH = YES;
				ONLY_ACTIVE_ARCH = YES;
				SDKROOT = macosx;
			};
			name = Debug;
		};
		22AE2EF6272968950058A82D /* Release */ = {
			isa = XCBuildConfiguration;
			buildSettings = {
				ALWAYS_SEARCH_USER_PATHS = NO;
				CLANG_ANALYZER_NONNULL = YES;
				CLANG_ANALYZER_NUMBER_OBJECT_CONVERSION = YES_AGGRESSIVE;
				CLANG_CXX_LANGUAGE_STANDARD = "gnu++17";
				CLANG_CXX_LIBRARY = "libc++";
				CLANG_ENABLE_MODULES = YES;
				CLANG_ENABLE_OBJC_ARC = YES;
				CLANG_ENABLE_OBJC_WEAK = YES;
				CLANG_WARN_BLOCK_CAPTURE_AUTORELEASING = YES;
				CLANG_WARN_BOOL_CONVERSION = YES;
				CLANG_WARN_COMMA = YES;
				CLANG_WARN_CONSTANT_CONVERSION = YES;
				CLANG_WARN_DEPRECATED_OBJC_IMPLEMENTATIONS = YES;
				CLANG_WARN_DIRECT_OBJC_ISA_USAGE = YES_ERROR;
				CLANG_WARN_DOCUMENTATION_COMMENTS = YES;
				CLANG_WARN_EMPTY_BODY = YES;
				CLANG_WARN_ENUM_CONVERSION = YES;
				CLANG_WARN_INFINITE_RECURSION = YES;
				CLANG_WARN_INT_CONVERSION = YES;
				CLANG_WARN_NON_LITERAL_NULL_CONVERSION = YES;
				CLANG_WARN_OBJC_IMPLICIT_RETAIN_SELF = YES;
				CLANG_WARN_OBJC_LITERAL_CONVERSION = YES;
				CLANG_WARN_OBJC_ROOT_CLASS = YES_ERROR;
				CLANG_WARN_QUOTED_INCLUDE_IN_FRAMEWORK_HEADER = YES;
				CLANG_WARN_RANGE_LOOP_ANALYSIS = YES;
				CLANG_WARN_STRICT_PROTOTYPES = YES;
				CLANG_WARN_SUSPICIOUS_MOVE = YES;
				CLANG_WARN_UNGUARDED_AVAILABILITY = YES_AGGRESSIVE;
				CLANG_WARN_UNREACHABLE_CODE = YES;
				CLANG_WARN__DUPLICATE_METHOD_MATCH = YES;
				COPY_PHASE_STRIP = NO;
				DEBUG_INFORMATION_FORMAT = "dwarf-with-dsym";
				ENABLE_NS_ASSERTIONS = NO;
				ENABLE_STRICT_OBJC_MSGSEND = YES;
				GCC_C_LANGUAGE_STANDARD = gnu11;
				GCC_NO_COMMON_BLOCKS = YES;
				GCC_WARN_64_TO_32_BIT_CONVERSION = YES;
				GCC_WARN_ABOUT_RETURN_TYPE = YES_ERROR;
				GCC_WARN_UNDECLARED_SELECTOR = YES;
				GCC_WARN_UNINITIALIZED_AUTOS = YES_AGGRESSIVE;
				GCC_WARN_UNUSED_FUNCTION = YES;
				GCC_WARN_UNUSED_VARIABLE = YES;
				MACOSX_DEPLOYMENT_TARGET = 11.3;
				MTL_ENABLE_DEBUG_INFO = NO;
				MTL_FAST_MATH = YES;
				SDKROOT = macosx;
			};
			name = Release;
		};
		22AE2EF8272968950058A82D /* Debug */ = {
			isa = XCBuildConfiguration;
			buildSettings = {
				CODE_SIGN_IDENTITY = "-";
				CODE_SIGN_STYLE = Automatic;
				DEVELOPMENT_TEAM = 42F2T24ABG;
				ENABLE_HARDENED_RUNTIME = YES;
				PRODUCT_NAME = "$(TARGET_NAME)";
			};
			name = Debug;
		};
		22AE2EF9272968950058A82D /* Release */ = {
			isa = XCBuildConfiguration;
			buildSettings = {
				CODE_SIGN_IDENTITY = "-";
				CODE_SIGN_STYLE = Automatic;
				DEVELOPMENT_TEAM = 42F2T24ABG;
				ENABLE_HARDENED_RUNTIME = YES;
				PRODUCT_NAME = "$(TARGET_NAME)";
			};
			name = Release;
		};
		22AE2F04272968FD0058A82D /* Debug */ = {
			isa = XCBuildConfiguration;
			buildSettings = {
				CODE_SIGN_IDENTITY = "-";
				CODE_SIGN_STYLE = Automatic;
				DEVELOPMENT_TEAM = 42F2T24ABG;
				ENABLE_HARDENED_RUNTIME = YES;
				PRODUCT_NAME = "$(TARGET_NAME)";
			};
			name = Debug;
		};
		22AE2F05272968FD0058A82D /* Release */ = {
			isa = XCBuildConfiguration;
			buildSettings = {
				CODE_SIGN_IDENTITY = "-";
				CODE_SIGN_STYLE = Automatic;
				DEVELOPMENT_TEAM = 42F2T24ABG;
				ENABLE_HARDENED_RUNTIME = YES;
				PRODUCT_NAME = "$(TARGET_NAME)";
			};
			name = Release;
		};
		22AE2F0F2729AEEA0058A82D /* Debug */ = {
			isa = XCBuildConfiguration;
			buildSettings = {
				CODE_SIGN_IDENTITY = "-";
				CODE_SIGN_STYLE = Automatic;
				DEVELOPMENT_TEAM = 42F2T24ABG;
				ENABLE_HARDENED_RUNTIME = YES;
				PRODUCT_NAME = "$(TARGET_NAME)";
			};
			name = Debug;
		};
		22AE2F102729AEEA0058A82D /* Release */ = {
			isa = XCBuildConfiguration;
			buildSettings = {
				CODE_SIGN_IDENTITY = "-";
				CODE_SIGN_STYLE = Automatic;
				DEVELOPMENT_TEAM = 42F2T24ABG;
				ENABLE_HARDENED_RUNTIME = YES;
				PRODUCT_NAME = "$(TARGET_NAME)";
			};
			name = Release;
		};
		22AE2F1A2729B6080058A82D /* Debug */ = {
			isa = XCBuildConfiguration;
			buildSettings = {
				CODE_SIGN_IDENTITY = "-";
				CODE_SIGN_STYLE = Automatic;
				DEVELOPMENT_TEAM = 42F2T24ABG;
				ENABLE_HARDENED_RUNTIME = YES;
				PRODUCT_NAME = "$(TARGET_NAME)";
			};
			name = Debug;
		};
		22AE2F1B2729B6080058A82D /* Release */ = {
			isa = XCBuildConfiguration;
			buildSettings = {
				CODE_SIGN_IDENTITY = "-";
				CODE_SIGN_STYLE = Automatic;
				DEVELOPMENT_TEAM = 42F2T24ABG;
				ENABLE_HARDENED_RUNTIME = YES;
				PRODUCT_NAME = "$(TARGET_NAME)";
			};
			name = Release;
		};
		22AE2F262729BD940058A82D /* Debug */ = {
			isa = XCBuildConfiguration;
			buildSettings = {
				CODE_SIGN_IDENTITY = "-";
				CODE_SIGN_STYLE = Automatic;
				DEVELOPMENT_TEAM = 42F2T24ABG;
				ENABLE_HARDENED_RUNTIME = YES;
				PRODUCT_NAME = "$(TARGET_NAME)";
			};
			name = Debug;
		};
		22AE2F272729BD940058A82D /* Release */ = {
			isa = XCBuildConfiguration;
			buildSettings = {
				CODE_SIGN_IDENTITY = "-";
				CODE_SIGN_STYLE = Automatic;
				DEVELOPMENT_TEAM = 42F2T24ABG;
				ENABLE_HARDENED_RUNTIME = YES;
				PRODUCT_NAME = "$(TARGET_NAME)";
			};
			name = Release;
		};
		22AE2F312729BF560058A82D /* Debug */ = {
			isa = XCBuildConfiguration;
			buildSettings = {
				CODE_SIGN_IDENTITY = "-";
				CODE_SIGN_STYLE = Automatic;
				DEVELOPMENT_TEAM = 42F2T24ABG;
				ENABLE_HARDENED_RUNTIME = YES;
				PRODUCT_NAME = "$(TARGET_NAME)";
			};
			name = Debug;
		};
		22AE2F322729BF560058A82D /* Release */ = {
			isa = XCBuildConfiguration;
			buildSettings = {
				CODE_SIGN_IDENTITY = "-";
				CODE_SIGN_STYLE = Automatic;
				DEVELOPMENT_TEAM = 42F2T24ABG;
				ENABLE_HARDENED_RUNTIME = YES;
				PRODUCT_NAME = "$(TARGET_NAME)";
			};
			name = Release;
		};
		22AE2F3D272A1BB50058A82D /* Debug */ = {
			isa = XCBuildConfiguration;
			buildSettings = {
				CODE_SIGN_IDENTITY = "-";
				CODE_SIGN_STYLE = Automatic;
				DEVELOPMENT_TEAM = 42F2T24ABG;
				ENABLE_HARDENED_RUNTIME = YES;
				PRODUCT_NAME = "$(TARGET_NAME)";
			};
			name = Debug;
		};
		22AE2F3E272A1BB50058A82D /* Release */ = {
			isa = XCBuildConfiguration;
			buildSettings = {
				CODE_SIGN_IDENTITY = "-";
				CODE_SIGN_STYLE = Automatic;
				DEVELOPMENT_TEAM = 42F2T24ABG;
				ENABLE_HARDENED_RUNTIME = YES;
				PRODUCT_NAME = "$(TARGET_NAME)";
			};
			name = Release;
		};
		22AE2F48272A1F350058A82D /* Debug */ = {
			isa = XCBuildConfiguration;
			buildSettings = {
				CODE_SIGN_IDENTITY = "-";
				CODE_SIGN_STYLE = Automatic;
				DEVELOPMENT_TEAM = 42F2T24ABG;
				ENABLE_HARDENED_RUNTIME = YES;
				PRODUCT_NAME = "$(TARGET_NAME)";
			};
			name = Debug;
		};
		22AE2F49272A1F350058A82D /* Release */ = {
			isa = XCBuildConfiguration;
			buildSettings = {
				CODE_SIGN_IDENTITY = "-";
				CODE_SIGN_STYLE = Automatic;
				DEVELOPMENT_TEAM = 42F2T24ABG;
				ENABLE_HARDENED_RUNTIME = YES;
				PRODUCT_NAME = "$(TARGET_NAME)";
			};
			name = Release;
		};
		22AE2F53272A27A30058A82D /* Debug */ = {
			isa = XCBuildConfiguration;
			buildSettings = {
				CODE_SIGN_IDENTITY = "-";
				CODE_SIGN_STYLE = Automatic;
				DEVELOPMENT_TEAM = 42F2T24ABG;
				ENABLE_HARDENED_RUNTIME = YES;
				PRODUCT_NAME = "$(TARGET_NAME)";
			};
			name = Debug;
		};
		22AE2F54272A27A30058A82D /* Release */ = {
			isa = XCBuildConfiguration;
			buildSettings = {
				CODE_SIGN_IDENTITY = "-";
				CODE_SIGN_STYLE = Automatic;
				DEVELOPMENT_TEAM = 42F2T24ABG;
				ENABLE_HARDENED_RUNTIME = YES;
				PRODUCT_NAME = "$(TARGET_NAME)";
			};
			name = Release;
		};
		22AE2F5E272A418B0058A82D /* Debug */ = {
			isa = XCBuildConfiguration;
			buildSettings = {
				CODE_SIGN_IDENTITY = "-";
				CODE_SIGN_STYLE = Automatic;
				DEVELOPMENT_TEAM = 42F2T24ABG;
				ENABLE_HARDENED_RUNTIME = YES;
				PRODUCT_NAME = "$(TARGET_NAME)";
			};
			name = Debug;
		};
		22AE2F5F272A418B0058A82D /* Release */ = {
			isa = XCBuildConfiguration;
			buildSettings = {
				CODE_SIGN_IDENTITY = "-";
				CODE_SIGN_STYLE = Automatic;
				DEVELOPMENT_TEAM = 42F2T24ABG;
				ENABLE_HARDENED_RUNTIME = YES;
				PRODUCT_NAME = "$(TARGET_NAME)";
			};
			name = Release;
		};
		22AE2F6A272A49BF0058A82D /* Debug */ = {
			isa = XCBuildConfiguration;
			buildSettings = {
				CODE_SIGN_IDENTITY = "-";
				CODE_SIGN_STYLE = Automatic;
				DEVELOPMENT_TEAM = 42F2T24ABG;
				ENABLE_HARDENED_RUNTIME = YES;
				PRODUCT_NAME = "$(TARGET_NAME)";
			};
			name = Debug;
		};
		22AE2F6B272A49BF0058A82D /* Release */ = {
			isa = XCBuildConfiguration;
			buildSettings = {
				CODE_SIGN_IDENTITY = "-";
				CODE_SIGN_STYLE = Automatic;
				DEVELOPMENT_TEAM = 42F2T24ABG;
				ENABLE_HARDENED_RUNTIME = YES;
				PRODUCT_NAME = "$(TARGET_NAME)";
			};
			name = Release;
		};
		22AE2F75272A53E20058A82D /* Debug */ = {
			isa = XCBuildConfiguration;
			buildSettings = {
				CODE_SIGN_IDENTITY = "-";
				CODE_SIGN_STYLE = Automatic;
				DEVELOPMENT_TEAM = 42F2T24ABG;
				ENABLE_HARDENED_RUNTIME = YES;
				PRODUCT_NAME = "$(TARGET_NAME)";
			};
			name = Debug;
		};
		22AE2F76272A53E20058A82D /* Release */ = {
			isa = XCBuildConfiguration;
			buildSettings = {
				CODE_SIGN_IDENTITY = "-";
				CODE_SIGN_STYLE = Automatic;
				DEVELOPMENT_TEAM = 42F2T24ABG;
				ENABLE_HARDENED_RUNTIME = YES;
				PRODUCT_NAME = "$(TARGET_NAME)";
			};
			name = Release;
		};
		22AE2F80272A57D40058A82D /* Debug */ = {
			isa = XCBuildConfiguration;
			buildSettings = {
				CODE_SIGN_IDENTITY = "-";
				CODE_SIGN_STYLE = Automatic;
				DEVELOPMENT_TEAM = 42F2T24ABG;
				ENABLE_HARDENED_RUNTIME = YES;
				PRODUCT_NAME = "$(TARGET_NAME)";
			};
			name = Debug;
		};
		22AE2F81272A57D40058A82D /* Release */ = {
			isa = XCBuildConfiguration;
			buildSettings = {
				CODE_SIGN_IDENTITY = "-";
				CODE_SIGN_STYLE = Automatic;
				DEVELOPMENT_TEAM = 42F2T24ABG;
				ENABLE_HARDENED_RUNTIME = YES;
				PRODUCT_NAME = "$(TARGET_NAME)";
			};
			name = Release;
		};
		22D14CB12730CF1400CE3799 /* Debug */ = {
			isa = XCBuildConfiguration;
			buildSettings = {
				CODE_SIGN_IDENTITY = "-";
				CODE_SIGN_STYLE = Automatic;
				DEVELOPMENT_TEAM = 42F2T24ABG;
				ENABLE_HARDENED_RUNTIME = YES;
				MACOSX_DEPLOYMENT_TARGET = 12.0;
				PRODUCT_NAME = "$(TARGET_NAME)";
			};
			name = Debug;
		};
		22D14CB22730CF1400CE3799 /* Release */ = {
			isa = XCBuildConfiguration;
			buildSettings = {
				CODE_SIGN_IDENTITY = "-";
				CODE_SIGN_STYLE = Automatic;
				DEVELOPMENT_TEAM = 42F2T24ABG;
				ENABLE_HARDENED_RUNTIME = YES;
				MACOSX_DEPLOYMENT_TARGET = 12.0;
				PRODUCT_NAME = "$(TARGET_NAME)";
			};
			name = Release;
		};
/* End XCBuildConfiguration section */

/* Begin XCConfigurationList section */
		221A2458272D14E100962808 /* Build configuration list for PBXNativeTarget "你上机考试做对多少道题心里没点B数吗三重循环版" */ = {
			isa = XCConfigurationList;
			buildConfigurations = (
				221A2456272D14E100962808 /* Debug */,
				221A2457272D14E100962808 /* Release */,
			);
			defaultConfigurationIsVisible = 0;
			defaultConfigurationName = Release;
		};
		2247DD692730CBDD00B0C9CA /* Build configuration list for PBXNativeTarget "斐波那契数列" */ = {
			isa = XCConfigurationList;
			buildConfigurations = (
				2247DD6A2730CBDD00B0C9CA /* Debug */,
				2247DD6B2730CBDD00B0C9CA /* Release */,
			);
			defaultConfigurationIsVisible = 0;
			defaultConfigurationName = Release;
		};
		22AE2EEB272968950058A82D /* Build configuration list for PBXProject "c_learning" */ = {
			isa = XCConfigurationList;
			buildConfigurations = (
				22AE2EF5272968950058A82D /* Debug */,
				22AE2EF6272968950058A82D /* Release */,
			);
			defaultConfigurationIsVisible = 0;
			defaultConfigurationName = Release;
		};
		22AE2EF7272968950058A82D /* Build configuration list for PBXNativeTarget "c_learning" */ = {
			isa = XCConfigurationList;
			buildConfigurations = (
				22AE2EF8272968950058A82D /* Debug */,
				22AE2EF9272968950058A82D /* Release */,
			);
			defaultConfigurationIsVisible = 0;
			defaultConfigurationName = Release;
		};
		22AE2F03272968FD0058A82D /* Build configuration list for PBXNativeTarget "tiktactoe" */ = {
			isa = XCConfigurationList;
			buildConfigurations = (
				22AE2F04272968FD0058A82D /* Debug */,
				22AE2F05272968FD0058A82D /* Release */,
			);
			defaultConfigurationIsVisible = 0;
			defaultConfigurationName = Release;
		};
		22AE2F0E2729AEEA0058A82D /* Build configuration list for PBXNativeTarget "统计个数" */ = {
			isa = XCConfigurationList;
			buildConfigurations = (
				22AE2F0F2729AEEA0058A82D /* Debug */,
				22AE2F102729AEEA0058A82D /* Release */,
			);
			defaultConfigurationIsVisible = 0;
			defaultConfigurationName = Release;
		};
		22AE2F192729B6080058A82D /* Build configuration list for PBXNativeTarget "sin泰勒展开" */ = {
			isa = XCConfigurationList;
			buildConfigurations = (
				22AE2F1A2729B6080058A82D /* Debug */,
				22AE2F1B2729B6080058A82D /* Release */,
			);
			defaultConfigurationIsVisible = 0;
			defaultConfigurationName = Release;
		};
		22AE2F252729BD940058A82D /* Build configuration list for PBXNativeTarget "my first goto programm" */ = {
			isa = XCConfigurationList;
			buildConfigurations = (
				22AE2F262729BD940058A82D /* Debug */,
				22AE2F272729BD940058A82D /* Release */,
			);
			defaultConfigurationIsVisible = 0;
			defaultConfigurationName = Release;
		};
		22AE2F302729BF560058A82D /* Build configuration list for PBXNativeTarget "辗转相除求最大公约数" */ = {
			isa = XCConfigurationList;
			buildConfigurations = (
				22AE2F312729BF560058A82D /* Debug */,
				22AE2F322729BF560058A82D /* Release */,
			);
			defaultConfigurationIsVisible = 0;
			defaultConfigurationName = Release;
		};
		22AE2F3C272A1BB50058A82D /* Build configuration list for PBXNativeTarget "求数字位数" */ = {
			isa = XCConfigurationList;
			buildConfigurations = (
				22AE2F3D272A1BB50058A82D /* Debug */,
				22AE2F3E272A1BB50058A82D /* Release */,
			);
			defaultConfigurationIsVisible = 0;
			defaultConfigurationName = Release;
		};
		22AE2F47272A1F350058A82D /* Build configuration list for PBXNativeTarget "数字拆分" */ = {
			isa = XCConfigurationList;
			buildConfigurations = (
				22AE2F48272A1F350058A82D /* Debug */,
				22AE2F49272A1F350058A82D /* Release */,
			);
			defaultConfigurationIsVisible = 0;
			defaultConfigurationName = Release;
		};
		22AE2F52272A27A30058A82D /* Build configuration list for PBXNativeTarget "位数对调" */ = {
			isa = XCConfigurationList;
			buildConfigurations = (
				22AE2F53272A27A30058A82D /* Debug */,
				22AE2F54272A27A30058A82D /* Release */,
			);
			defaultConfigurationIsVisible = 0;
			defaultConfigurationName = Release;
		};
		22AE2F5D272A418B0058A82D /* Build configuration list for PBXNativeTarget "符合要求的数字" */ = {
			isa = XCConfigurationList;
			buildConfigurations = (
				22AE2F5E272A418B0058A82D /* Debug */,
				22AE2F5F272A418B0058A82D /* Release */,
			);
			defaultConfigurationIsVisible = 0;
			defaultConfigurationName = Release;
		};
		22AE2F69272A49BF0058A82D /* Build configuration list for PBXNativeTarget "同构数" */ = {
			isa = XCConfigurationList;
			buildConfigurations = (
				22AE2F6A272A49BF0058A82D /* Debug */,
				22AE2F6B272A49BF0058A82D /* Release */,
			);
			defaultConfigurationIsVisible = 0;
			defaultConfigurationName = Release;
		};
		22AE2F74272A53E20058A82D /* Build configuration list for PBXNativeTarget "鸡兔同笼高级版" */ = {
			isa = XCConfigurationList;
			buildConfigurations = (
				22AE2F75272A53E20058A82D /* Debug */,
				22AE2F76272A53E20058A82D /* Release */,
			);
			defaultConfigurationIsVisible = 0;
			defaultConfigurationName = Release;
		};
		22AE2F7F272A57D40058A82D /* Build configuration list for PBXNativeTarget "你上机考试做对了多少道题你心里没点b数吗？" */ = {
			isa = XCConfigurationList;
			buildConfigurations = (
				22AE2F80272A57D40058A82D /* Debug */,
				22AE2F81272A57D40058A82D /* Release */,
			);
			defaultConfigurationIsVisible = 0;
			defaultConfigurationName = Release;
		};
		22D14CB32730CF1400CE3799 /* Build configuration list for PBXNativeTarget "求N！" */ = {
			isa = XCConfigurationList;
			buildConfigurations = (
				22D14CB12730CF1400CE3799 /* Debug */,
				22D14CB22730CF1400CE3799 /* Release */,
			);
			defaultConfigurationIsVisible = 0;
			defaultConfigurationName = Release;
		};
/* End XCConfigurationList section */
	};
	rootObject = 22AE2EE8272968950058A82D /* Project object */;
}
